// !$*UTF8*$!
{
	archiveVersion = 1;
	classes = {
	};
	objectVersion = 55;
	objects = {

/* Begin PBXBuildFile section */
		04D4F078FC9EC84313510A00 /* Zeroization.swift in Sources */ = {isa = PBXBuildFile; fileRef = 8F8B44591B96C95320620127 /* Zeroization.swift */; };
		06622802D716A15FE85292A7 /* Digests.swift in Sources */ = {isa = PBXBuildFile; fileRef = 2592F7AABB892D6D40EDD549 /* Digests.swift */; };
		0A947DFDC44CB6E65D0A262D /* PrivacyInfo.xcprivacy in Resources */ = {isa = PBXBuildFile; fileRef = 0489F765606A88BEFB88BF66 /* PrivacyInfo.xcprivacy */; };
		0B502F37D1B0B086C69AA7CE /* ASN1Boolean.swift in Sources */ = {isa = PBXBuildFile; fileRef = F6665EBE210F056630E14ABC /* ASN1Boolean.swift */; };
		0EB105E7F6E5394652F507AA /* HPKE-NIST-EC-KEMs.swift in Sources */ = {isa = PBXBuildFile; fileRef = 527EFB624390A9035024BCCE /* HPKE-NIST-EC-KEMs.swift */; };
		1452A498F7F386073667B8D0 /* PKCS8PrivateKey.swift in Sources */ = {isa = PBXBuildFile; fileRef = EC1CF865C59EF7585E03DE34 /* PKCS8PrivateKey.swift */; };
		16B2E4154377DF92F476616D /* CryptoKitErrors_boring.swift in Sources */ = {isa = PBXBuildFile; fileRef = 09EE6576AA029F4ED32CABD7 /* CryptoKitErrors_boring.swift */; };
		1AE32D1850ACFFC233EEBB2B /* ECDSASignature_boring.swift in Sources */ = {isa = PBXBuildFile; fileRef = 3730C2FDBB79A87F15842F21 /* ECDSASignature_boring.swift */; };
		1C48BF949ACC7B5602F03808 /* HPKE-KEM-Curve25519.swift in Sources */ = {isa = PBXBuildFile; fileRef = 2856621A469F1931448722A9 /* HPKE-KEM-Curve25519.swift */; };
		1EF2E5F3F135E42DDABEBF33 /* HashFunctions.swift in Sources */ = {isa = PBXBuildFile; fileRef = 36C9DA8F826DBED6F3B30A2B /* HashFunctions.swift */; };
		2027099034FB47C44277D594 /* ASN1Null.swift in Sources */ = {isa = PBXBuildFile; fileRef = 78EC35D5416A633B9F492DB0 /* ASN1Null.swift */; };
		21AA295831F3408C86B8A10A /* AESWrap_boring.swift in Sources */ = {isa = PBXBuildFile; fileRef = 3BA2EC9DF4EAF9D6FC572928 /* AESWrap_boring.swift */; };
		23BDD7F2A7AB60C3B6536508 /* Nonces.swift in Sources */ = {isa = PBXBuildFile; fileRef = E755B7085F03209E6346C47B /* Nonces.swift */; };
		23E82E9D51C40E43F452B412 /* CryptoKitErrors.swift in Sources */ = {isa = PBXBuildFile; fileRef = 7A6797EDA0DBB766E75C166A /* CryptoKitErrors.swift */; };
		2BB492CF1616113B9C36A331 /* EdDSA_boring.swift in Sources */ = {isa = PBXBuildFile; fileRef = 8D7F5C983CD8465921953D2B /* EdDSA_boring.swift */; };
		30DD7D4EECEB3031DEFE84AA /* AES.swift in Sources */ = {isa = PBXBuildFile; fileRef = 30D8AF31499384708ACE6F23 /* AES.swift */; };
		31293DE4925DA727F2C05370 /* X25519Keys_boring.swift in Sources */ = {isa = PBXBuildFile; fileRef = DC77EA287687291AF63C0241 /* X25519Keys_boring.swift */; };
		331AFF3ED76DE300F4F64239 /* Signature.swift in Sources */ = {isa = PBXBuildFile; fileRef = 1EA47558092FD5B692C72A7B /* Signature.swift */; };
		35EDC114A99CC09EB6751C7F /* ObjectIdentifier.swift in Sources */ = {isa = PBXBuildFile; fileRef = E10BC8DBAF4DBF054D5EA5A4 /* ObjectIdentifier.swift */; };
		40BD2583EB1528BFB346B342 /* DH.swift in Sources */ = {isa = PBXBuildFile; fileRef = A4D6DA82E20D19BCB839B1DD /* DH.swift */; };
		41C66B0DA29B0A28FCE08E9E /* ChaChaPoly_boring.swift in Sources */ = {isa = PBXBuildFile; fileRef = BB8A89EAC52ED9D8925619BF /* ChaChaPoly_boring.swift */; };
		4500F8CBFF56EFA87A376F4E /* ASN1Strings.swift in Sources */ = {isa = PBXBuildFile; fileRef = 7E8D4CEA21F25EE8BA27D0DA /* ASN1Strings.swift */; };
		4989274629A65EEDEEDDDB6C /* HPKE-Utils.swift in Sources */ = {isa = PBXBuildFile; fileRef = B8DB649B32778704922A4A22 /* HPKE-Utils.swift */; };
		4EE1DE008EAF6718F6B18577 /* SafeCompare_boring.swift in Sources */ = {isa = PBXBuildFile; fileRef = 8BA9E9013858060E87DE982C /* SafeCompare_boring.swift */; };
		52F1FB3932B3D60CAD48AF09 /* ECDSA_boring.swift in Sources */ = {isa = PBXBuildFile; fileRef = 702BE17D0EFB5B405742FB43 /* ECDSA_boring.swift */; };
		54F95E8A41F013291FDC2908 /* ChaChaPoly.swift in Sources */ = {isa = PBXBuildFile; fileRef = 04E4E61740D3BCD1355C24B7 /* ChaChaPoly.swift */; };
		5812BE3138A10E387FB8CA2F /* Digest_boring.swift in Sources */ = {isa = PBXBuildFile; fileRef = 9AEF49E69529FA0DC812F672 /* Digest_boring.swift */; };
		5CE1A9514855DF7535469D5E /* GeneralizedTime.swift in Sources */ = {isa = PBXBuildFile; fileRef = 1D8DA33CCBA2C10109768D5A /* GeneralizedTime.swift */; };
		5E03B235C086FA447845DE95 /* KEM.swift in Sources */ = {isa = PBXBuildFile; fileRef = CAFDD6511D20092A643221D6 /* KEM.swift */; };
		644CD259A502C7DA4A4317B7 /* HPKE-Modes.swift in Sources */ = {isa = PBXBuildFile; fileRef = 5702ED13D5896F1DB5E8CA82 /* HPKE-Modes.swift */; };
		650A87962E123CBCFAF88393 /* HPKE-Context.swift in Sources */ = {isa = PBXBuildFile; fileRef = 1C4FEF3BE56546560E398CD9 /* HPKE-Context.swift */; };
		657047254721F71CF44DD49A /* ASN1.swift in Sources */ = {isa = PBXBuildFile; fileRef = C48C249AE2C1B48C654BFCA8 /* ASN1.swift */; };
		66BC51865CA226D32BC6F143 /* X25519Keys.swift in Sources */ = {isa = PBXBuildFile; fileRef = CD5AD186B9E9B04BA4461A16 /* X25519Keys.swift */; };
		705EAB1BD82A9AA5C2AA5CD0 /* SubjectPublicKeyInfo.swift in Sources */ = {isa = PBXBuildFile; fileRef = A882ED0FF3774786AED72904 /* SubjectPublicKeyInfo.swift */; };
		72F50E9BFD19E8FDCA94698F /* Insecure.swift in Sources */ = {isa = PBXBuildFile; fileRef = 08DB39838C9AA02D7B47AED6 /* Insecure.swift */; };
		74CEB9E3729B742AF38C483E /* Ed25519.swift in Sources */ = {isa = PBXBuildFile; fileRef = 5ADD6D9398FACA887014E68D /* Ed25519.swift */; };
		783C040BA581B60ABEC63541 /* MACFunctions.swift in Sources */ = {isa = PBXBuildFile; fileRef = 150C6E624430F1F16033EC04 /* MACFunctions.swift */; };
		78B4132AF7384D91B5A30D41 /* HPKE.swift in Sources */ = {isa = PBXBuildFile; fileRef = 652307D2D12CA239F90307FC /* HPKE.swift */; };
		7970BE233171DEDA82EDFAEA /* ASN1Identifier.swift in Sources */ = {isa = PBXBuildFile; fileRef = 49028A1204783A0A07C00B4C /* ASN1Identifier.swift */; };
		7C4AB6CFBDB645F9C3DD525B /* ASN1Integer.swift in Sources */ = {isa = PBXBuildFile; fileRef = E237DBC91F16E6B2B5C76FCA /* ASN1Integer.swift */; };
		7FE6DC34912F61E50E28DC4F /* HPKE-KexKeyDerivation.swift in Sources */ = {isa = PBXBuildFile; fileRef = 03A9AFDBD12FB663506BFC85 /* HPKE-KexKeyDerivation.swift */; };
		8102C6424050F782987E593E /* Docs.docc in Sources */ = {isa = PBXBuildFile; fileRef = D11E9813900841B76CB54E52 /* Docs.docc */; };
		8128969AFA1A50F48661F877 /* Insecure_HashFunctions.swift in Sources */ = {isa = PBXBuildFile; fileRef = D1A81BA659896021BD3AA089 /* Insecure_HashFunctions.swift */; };
		87A817FE26BF2B9928BD5181 /* HPKE-KEM.swift in Sources */ = {isa = PBXBuildFile; fileRef = 81A062ED5A6F25412E64B5F9 /* HPKE-KEM.swift */; };
		8D7FAD75FCB2D41871323BAE /* HPKE-Ciphersuite.swift in Sources */ = {isa = PBXBuildFile; fileRef = E18C684CFBBFC034226081F9 /* HPKE-Ciphersuite.swift */; };
		8D933D4E041691A1660BAF65 /* Zeroization_boring.swift in Sources */ = {isa = PBXBuildFile; fileRef = CB1686AAB5989BEA96F3DE8D /* Zeroization_boring.swift */; };
		932D5EFCC9F525C29DE20A31 /* MessageAuthenticationCode.swift in Sources */ = {isa = PBXBuildFile; fileRef = 8754BF6F4EE904D336F523B4 /* MessageAuthenticationCode.swift */; };
		96F34A7711C1750E80FE4707 /* HPKE-KeySchedule.swift in Sources */ = {isa = PBXBuildFile; fileRef = 394CF9FE5E253A1518D06DAE /* HPKE-KeySchedule.swift */; };
		986982EF8EF2FEA2ACE1AAD4 /* AESWrap.swift in Sources */ = {isa = PBXBuildFile; fileRef = 049C825549F0F6BAD76E04E0 /* AESWrap.swift */; };
		98B807CE043FBD42061F20A4 /* HPKE-Errors.swift in Sources */ = {isa = PBXBuildFile; fileRef = ACF333D9AE1C035F2D903948 /* HPKE-Errors.swift */; };
		9E4292C7F420C5641735D260 /* SecureBytes.swift in Sources */ = {isa = PBXBuildFile; fileRef = 7DBBF59C9DA573FBBBF034E9 /* SecureBytes.swift */; };
		A07425D10B88B8EF5A84E606 /* ECDSASignature.swift in Sources */ = {isa = PBXBuildFile; fileRef = D7FC0FC4F1A98ED9342E6E0C /* ECDSASignature.swift */; };
		A104DDD3B2404E60DEC0DAE7 /* HPKE-AEAD.swift in Sources */ = {isa = PBXBuildFile; fileRef = FD0858931AA48C0F4ECEF241 /* HPKE-AEAD.swift */; };
		A3E642088CB284C358DFF105 /* SafeCompare.swift in Sources */ = {isa = PBXBuildFile; fileRef = 874E0EB4CF91C7E56997B913 /* SafeCompare.swift */; };
		A7E88829FA4558EEA84C3E65 /* HKDF.swift in Sources */ = {isa = PBXBuildFile; fileRef = 65BF96D34E13F71951304B47 /* HKDF.swift */; };
		A928DFCDE1C4F30C57074410 /* ASN1Any.swift in Sources */ = {isa = PBXBuildFile; fileRef = D4EA208235FF44C25EC483C5 /* ASN1Any.swift */; };
		A9B8F7227991F4CC81037F1B /* HPKE-LabeledExtract.swift in Sources */ = {isa = PBXBuildFile; fileRef = BE6EA805FAC6838C87DFD4A8 /* HPKE-LabeledExtract.swift */; };
		AB1459F35CF3BE132BB93460 /* AES-GCM_boring.swift in Sources */ = {isa = PBXBuildFile; fileRef = 1E45817A0696E0E2E55E19A9 /* AES-GCM_boring.swift */; };
		ACEEEFD9406DFCF9F62E9B6A /* Cipher.swift in Sources */ = {isa = PBXBuildFile; fileRef = 52C08968AE2D777267FC55A7 /* Cipher.swift */; };
		B441CAD453CD044BFBB34109 /* TuistBundle+Crypto.swift in Sources */ = {isa = PBXBuildFile; fileRef = D3A933DE49994750138DC57E /* TuistBundle+Crypto.swift */; };
		B7D4B7AE157D80BE7C1E1939 /* ECDH.swift in Sources */ = {isa = PBXBuildFile; fileRef = 3CBC0572751BFC1AFC47C092 /* ECDH.swift */; };
		BBAAFAC7850F8CA550EB2007 /* ECDH_boring.swift in Sources */ = {isa = PBXBuildFile; fileRef = ED5EEEF9C2AF72AFB78292A7 /* ECDH_boring.swift */; };
		BE3B26DC6DDA6AD0C2059478 /* ArraySliceBigint.swift in Sources */ = {isa = PBXBuildFile; fileRef = 94460FEE220D3BE849FDAB8C /* ArraySliceBigint.swift */; };
		BE5480C53AE89995E20F939E /* DHKEM.swift in Sources */ = {isa = PBXBuildFile; fileRef = 5D1FBBE6EBB96CFB639507DD /* DHKEM.swift */; };
		C6B6A1B336B91B9B2D0E4CCC /* ECDSA.swift in Sources */ = {isa = PBXBuildFile; fileRef = 6309E783B462253F2B3574AE /* ECDSA.swift */; };
		C70B674406C0462C41685DEA /* HashFunctions_SHA2.swift in Sources */ = {isa = PBXBuildFile; fileRef = FF33264C4EC7E6005C069294 /* HashFunctions_SHA2.swift */; };
		CAD5AAA968820B2BA258D303 /* PrettyBytes.swift in Sources */ = {isa = PBXBuildFile; fileRef = 78E14205C556FE35F1617F3E /* PrettyBytes.swift */; };
		CB893BD7CAF7B895FDC5C093 /* ASN1BitString.swift in Sources */ = {isa = PBXBuildFile; fileRef = 7B0A3F0FEBA4ADA809580ED5 /* ASN1BitString.swift */; };
		CEA1402E49A1A87013CCF36C /* HMAC.swift in Sources */ = {isa = PBXBuildFile; fileRef = 513DFB95BF7D074FF0023018 /* HMAC.swift */; };
		D34EFBABC754A0F852864513 /* RNG_boring.swift in Sources */ = {isa = PBXBuildFile; fileRef = FC14440947BA776DF4FD5BFC /* RNG_boring.swift */; };
		D5B7933D7DDAECA2286558CD /* ASN1OctetString.swift in Sources */ = {isa = PBXBuildFile; fileRef = CAC532D15623A8A8B095B651 /* ASN1OctetString.swift */; };
		D764BC080113D7F78E415CB9 /* PEMDocument.swift in Sources */ = {isa = PBXBuildFile; fileRef = 53B6988068BF8256C0E6FD41 /* PEMDocument.swift */; };
		DAE0F222BC6B8FF4D23BAA65 /* NISTCurvesKeys_boring.swift in Sources */ = {isa = PBXBuildFile; fileRef = 265D55BA7B56C209EAEB52F0 /* NISTCurvesKeys_boring.swift */; };
		E108C9410F1157F7636BB9EC /* AES-GCM.swift in Sources */ = {isa = PBXBuildFile; fileRef = 93E77A82B0A95B26A9A8103D /* AES-GCM.swift */; };
		E3385E6E858E8C9B0C745370 /* SymmetricKeys.swift in Sources */ = {isa = PBXBuildFile; fileRef = 9B5D1FD5083A1C662B9C129D /* SymmetricKeys.swift */; };
		E37CBFC379EFAEFE3B77360B /* Curve25519.swift in Sources */ = {isa = PBXBuildFile; fileRef = 9B4E523DCC10970C2CA4F37D /* Curve25519.swift */; };
		E6ACE43AD6757EB90966D812 /* Digest.swift in Sources */ = {isa = PBXBuildFile; fileRef = 245B0CE788BAEE930C99827F /* Digest.swift */; };
		F392757A81A1F1BCA9222E39 /* NISTCurvesKeys.swift in Sources */ = {isa = PBXBuildFile; fileRef = 5C5B819118F21C4A3F783C8E /* NISTCurvesKeys.swift */; };
		F4C7018C0593025363A776EE /* Ed25519_boring.swift in Sources */ = {isa = PBXBuildFile; fileRef = 8E93EC0D1B8AA507B8774FC7 /* Ed25519_boring.swift */; };
		FB20F526CC2DA535699C2EB2 /* HPKE-KDF.swift in Sources */ = {isa = PBXBuildFile; fileRef = 1D79EFACAFC150902935080D /* HPKE-KDF.swift */; };
		FEA634F2C4C0D15E597B560B /* Ed25519Keys.swift in Sources */ = {isa = PBXBuildFile; fileRef = 5154C8F21F2699D5777A9930 /* Ed25519Keys.swift */; };
		FF53856EF194FA6157BE6B10 /* SEC1PrivateKey.swift in Sources */ = {isa = PBXBuildFile; fileRef = 2B6AA549FE0205386255B741 /* SEC1PrivateKey.swift */; };
/* End PBXBuildFile section */

/* Begin PBXContainerItemProxy section */
		282710F18E9AFD07806DEB5D /* PBXContainerItemProxy */ = {
			isa = PBXContainerItemProxy;
			containerPortal = FB41CBE1BF30FF7B0CBA5E8B /* Project object */;
			proxyType = 1;
			remoteGlobalIDString = 80768BF23537BC72995D780E;
			remoteInfo = "swift-crypto_Crypto";
		};
/* End PBXContainerItemProxy section */

/* Begin PBXCopyFilesBuildPhase section */
		3C134F095A7E49A4532BAA3A /* Embed Frameworks */ = {
			isa = PBXCopyFilesBuildPhase;
			buildActionMask = 2147483647;
			dstPath = "";
			dstSubfolderSpec = 10;
			files = (
			);
			name = "Embed Frameworks";
			runOnlyForDeploymentPostprocessing = 0;
		};
		D454A1AEDFEE4801B468DC05 /* Embed Frameworks */ = {
			isa = PBXCopyFilesBuildPhase;
			buildActionMask = 2147483647;
			dstPath = "";
			dstSubfolderSpec = 10;
			files = (
			);
			name = "Embed Frameworks";
			runOnlyForDeploymentPostprocessing = 0;
		};
/* End PBXCopyFilesBuildPhase section */

/* Begin PBXFileReference section */
		03A9AFDBD12FB663506BFC85 /* HPKE-KexKeyDerivation.swift */ = {isa = PBXFileReference; lastKnownFileType = sourcecode.swift; path = "HPKE-KexKeyDerivation.swift"; sourceTree = "<group>"; };
		0489F765606A88BEFB88BF66 /* PrivacyInfo.xcprivacy */ = {isa = PBXFileReference; path = PrivacyInfo.xcprivacy; sourceTree = "<group>"; };
		049C825549F0F6BAD76E04E0 /* AESWrap.swift */ = {isa = PBXFileReference; lastKnownFileType = sourcecode.swift; path = AESWrap.swift; sourceTree = "<group>"; };
		04E4E61740D3BCD1355C24B7 /* ChaChaPoly.swift */ = {isa = PBXFileReference; lastKnownFileType = sourcecode.swift; path = ChaChaPoly.swift; sourceTree = "<group>"; };
		08DB39838C9AA02D7B47AED6 /* Insecure.swift */ = {isa = PBXFileReference; lastKnownFileType = sourcecode.swift; path = Insecure.swift; sourceTree = "<group>"; };
		09EE6576AA029F4ED32CABD7 /* CryptoKitErrors_boring.swift */ = {isa = PBXFileReference; lastKnownFileType = sourcecode.swift; path = CryptoKitErrors_boring.swift; sourceTree = "<group>"; };
		150C6E624430F1F16033EC04 /* MACFunctions.swift */ = {isa = PBXFileReference; lastKnownFileType = sourcecode.swift; path = MACFunctions.swift; sourceTree = "<group>"; };
		1C4FEF3BE56546560E398CD9 /* HPKE-Context.swift */ = {isa = PBXFileReference; lastKnownFileType = sourcecode.swift; path = "HPKE-Context.swift"; sourceTree = "<group>"; };
		1D79EFACAFC150902935080D /* HPKE-KDF.swift */ = {isa = PBXFileReference; lastKnownFileType = sourcecode.swift; path = "HPKE-KDF.swift"; sourceTree = "<group>"; };
		1D8DA33CCBA2C10109768D5A /* GeneralizedTime.swift */ = {isa = PBXFileReference; lastKnownFileType = sourcecode.swift; path = GeneralizedTime.swift; sourceTree = "<group>"; };
		1E45817A0696E0E2E55E19A9 /* AES-GCM_boring.swift */ = {isa = PBXFileReference; lastKnownFileType = sourcecode.swift; path = "AES-GCM_boring.swift"; sourceTree = "<group>"; };
		1EA47558092FD5B692C72A7B /* Signature.swift */ = {isa = PBXFileReference; lastKnownFileType = sourcecode.swift; path = Signature.swift; sourceTree = "<group>"; };
		245B0CE788BAEE930C99827F /* Digest.swift */ = {isa = PBXFileReference; lastKnownFileType = sourcecode.swift; path = Digest.swift; sourceTree = "<group>"; };
		2592F7AABB892D6D40EDD549 /* Digests.swift */ = {isa = PBXFileReference; lastKnownFileType = sourcecode.swift; path = Digests.swift; sourceTree = "<group>"; };
		265D55BA7B56C209EAEB52F0 /* NISTCurvesKeys_boring.swift */ = {isa = PBXFileReference; lastKnownFileType = sourcecode.swift; path = NISTCurvesKeys_boring.swift; sourceTree = "<group>"; };
		2856621A469F1931448722A9 /* HPKE-KEM-Curve25519.swift */ = {isa = PBXFileReference; lastKnownFileType = sourcecode.swift; path = "HPKE-KEM-Curve25519.swift"; sourceTree = "<group>"; };
		28823214F59F504E398B1C74 /* Crypto-Info.plist */ = {isa = PBXFileReference; lastKnownFileType = text.plist; path = "Crypto-Info.plist"; sourceTree = "<group>"; };
		2B6AA549FE0205386255B741 /* SEC1PrivateKey.swift */ = {isa = PBXFileReference; lastKnownFileType = sourcecode.swift; path = SEC1PrivateKey.swift; sourceTree = "<group>"; };
		30D8AF31499384708ACE6F23 /* AES.swift */ = {isa = PBXFileReference; lastKnownFileType = sourcecode.swift; path = AES.swift; sourceTree = "<group>"; };
		36C9DA8F826DBED6F3B30A2B /* HashFunctions.swift */ = {isa = PBXFileReference; lastKnownFileType = sourcecode.swift; path = HashFunctions.swift; sourceTree = "<group>"; };
		3730C2FDBB79A87F15842F21 /* ECDSASignature_boring.swift */ = {isa = PBXFileReference; lastKnownFileType = sourcecode.swift; path = ECDSASignature_boring.swift; sourceTree = "<group>"; };
		394CF9FE5E253A1518D06DAE /* HPKE-KeySchedule.swift */ = {isa = PBXFileReference; lastKnownFileType = sourcecode.swift; path = "HPKE-KeySchedule.swift"; sourceTree = "<group>"; };
		3BA2EC9DF4EAF9D6FC572928 /* AESWrap_boring.swift */ = {isa = PBXFileReference; lastKnownFileType = sourcecode.swift; path = AESWrap_boring.swift; sourceTree = "<group>"; };
		3CBC0572751BFC1AFC47C092 /* ECDH.swift */ = {isa = PBXFileReference; lastKnownFileType = sourcecode.swift; path = ECDH.swift; sourceTree = "<group>"; };
		49028A1204783A0A07C00B4C /* ASN1Identifier.swift */ = {isa = PBXFileReference; lastKnownFileType = sourcecode.swift; path = ASN1Identifier.swift; sourceTree = "<group>"; };
		513DFB95BF7D074FF0023018 /* HMAC.swift */ = {isa = PBXFileReference; lastKnownFileType = sourcecode.swift; path = HMAC.swift; sourceTree = "<group>"; };
		5154C8F21F2699D5777A9930 /* Ed25519Keys.swift */ = {isa = PBXFileReference; lastKnownFileType = sourcecode.swift; path = Ed25519Keys.swift; sourceTree = "<group>"; };
		527EFB624390A9035024BCCE /* HPKE-NIST-EC-KEMs.swift */ = {isa = PBXFileReference; lastKnownFileType = sourcecode.swift; path = "HPKE-NIST-EC-KEMs.swift"; sourceTree = "<group>"; };
		52C08968AE2D777267FC55A7 /* Cipher.swift */ = {isa = PBXFileReference; lastKnownFileType = sourcecode.swift; path = Cipher.swift; sourceTree = "<group>"; };
		53B6988068BF8256C0E6FD41 /* PEMDocument.swift */ = {isa = PBXFileReference; lastKnownFileType = sourcecode.swift; path = PEMDocument.swift; sourceTree = "<group>"; };
		5702ED13D5896F1DB5E8CA82 /* HPKE-Modes.swift */ = {isa = PBXFileReference; lastKnownFileType = sourcecode.swift; path = "HPKE-Modes.swift"; sourceTree = "<group>"; };
		5ADD6D9398FACA887014E68D /* Ed25519.swift */ = {isa = PBXFileReference; lastKnownFileType = sourcecode.swift; path = Ed25519.swift; sourceTree = "<group>"; };
		5C5B819118F21C4A3F783C8E /* NISTCurvesKeys.swift */ = {isa = PBXFileReference; lastKnownFileType = sourcecode.swift; path = NISTCurvesKeys.swift; sourceTree = "<group>"; };
		5D1FBBE6EBB96CFB639507DD /* DHKEM.swift */ = {isa = PBXFileReference; lastKnownFileType = sourcecode.swift; path = DHKEM.swift; sourceTree = "<group>"; };
		6309E783B462253F2B3574AE /* ECDSA.swift */ = {isa = PBXFileReference; lastKnownFileType = sourcecode.swift; path = ECDSA.swift; sourceTree = "<group>"; };
		652307D2D12CA239F90307FC /* HPKE.swift */ = {isa = PBXFileReference; lastKnownFileType = sourcecode.swift; path = HPKE.swift; sourceTree = "<group>"; };
		65BF96D34E13F71951304B47 /* HKDF.swift */ = {isa = PBXFileReference; lastKnownFileType = sourcecode.swift; path = HKDF.swift; sourceTree = "<group>"; };
		702BE17D0EFB5B405742FB43 /* ECDSA_boring.swift */ = {isa = PBXFileReference; lastKnownFileType = sourcecode.swift; path = ECDSA_boring.swift; sourceTree = "<group>"; };
		78E14205C556FE35F1617F3E /* PrettyBytes.swift */ = {isa = PBXFileReference; lastKnownFileType = sourcecode.swift; path = PrettyBytes.swift; sourceTree = "<group>"; };
		78EC35D5416A633B9F492DB0 /* ASN1Null.swift */ = {isa = PBXFileReference; lastKnownFileType = sourcecode.swift; path = ASN1Null.swift; sourceTree = "<group>"; };
		7A6797EDA0DBB766E75C166A /* CryptoKitErrors.swift */ = {isa = PBXFileReference; lastKnownFileType = sourcecode.swift; path = CryptoKitErrors.swift; sourceTree = "<group>"; };
		7B0A3F0FEBA4ADA809580ED5 /* ASN1BitString.swift */ = {isa = PBXFileReference; lastKnownFileType = sourcecode.swift; path = ASN1BitString.swift; sourceTree = "<group>"; };
		7DBBF59C9DA573FBBBF034E9 /* SecureBytes.swift */ = {isa = PBXFileReference; lastKnownFileType = sourcecode.swift; path = SecureBytes.swift; sourceTree = "<group>"; };
		7E8D4CEA21F25EE8BA27D0DA /* ASN1Strings.swift */ = {isa = PBXFileReference; lastKnownFileType = sourcecode.swift; path = ASN1Strings.swift; sourceTree = "<group>"; };
		81A062ED5A6F25412E64B5F9 /* HPKE-KEM.swift */ = {isa = PBXFileReference; lastKnownFileType = sourcecode.swift; path = "HPKE-KEM.swift"; sourceTree = "<group>"; };
		874E0EB4CF91C7E56997B913 /* SafeCompare.swift */ = {isa = PBXFileReference; lastKnownFileType = sourcecode.swift; path = SafeCompare.swift; sourceTree = "<group>"; };
		8754BF6F4EE904D336F523B4 /* MessageAuthenticationCode.swift */ = {isa = PBXFileReference; lastKnownFileType = sourcecode.swift; path = MessageAuthenticationCode.swift; sourceTree = "<group>"; };
		8BA9E9013858060E87DE982C /* SafeCompare_boring.swift */ = {isa = PBXFileReference; lastKnownFileType = sourcecode.swift; path = SafeCompare_boring.swift; sourceTree = "<group>"; };
		8D7F5C983CD8465921953D2B /* EdDSA_boring.swift */ = {isa = PBXFileReference; lastKnownFileType = sourcecode.swift; path = EdDSA_boring.swift; sourceTree = "<group>"; };
		8E93EC0D1B8AA507B8774FC7 /* Ed25519_boring.swift */ = {isa = PBXFileReference; lastKnownFileType = sourcecode.swift; path = Ed25519_boring.swift; sourceTree = "<group>"; };
		8F8B44591B96C95320620127 /* Zeroization.swift */ = {isa = PBXFileReference; lastKnownFileType = sourcecode.swift; path = Zeroization.swift; sourceTree = "<group>"; };
		93E77A82B0A95B26A9A8103D /* AES-GCM.swift */ = {isa = PBXFileReference; lastKnownFileType = sourcecode.swift; path = "AES-GCM.swift"; sourceTree = "<group>"; };
		94460FEE220D3BE849FDAB8C /* ArraySliceBigint.swift */ = {isa = PBXFileReference; lastKnownFileType = sourcecode.swift; path = ArraySliceBigint.swift; sourceTree = "<group>"; };
		9AEF49E69529FA0DC812F672 /* Digest_boring.swift */ = {isa = PBXFileReference; lastKnownFileType = sourcecode.swift; path = Digest_boring.swift; sourceTree = "<group>"; };
		9B4E523DCC10970C2CA4F37D /* Curve25519.swift */ = {isa = PBXFileReference; lastKnownFileType = sourcecode.swift; path = Curve25519.swift; sourceTree = "<group>"; };
		9B5D1FD5083A1C662B9C129D /* SymmetricKeys.swift */ = {isa = PBXFileReference; lastKnownFileType = sourcecode.swift; path = SymmetricKeys.swift; sourceTree = "<group>"; };
		A4D6DA82E20D19BCB839B1DD /* DH.swift */ = {isa = PBXFileReference; lastKnownFileType = sourcecode.swift; path = DH.swift; sourceTree = "<group>"; };
		A882ED0FF3774786AED72904 /* SubjectPublicKeyInfo.swift */ = {isa = PBXFileReference; lastKnownFileType = sourcecode.swift; path = SubjectPublicKeyInfo.swift; sourceTree = "<group>"; };
		ACF333D9AE1C035F2D903948 /* HPKE-Errors.swift */ = {isa = PBXFileReference; lastKnownFileType = sourcecode.swift; path = "HPKE-Errors.swift"; sourceTree = "<group>"; };
		B8BA07CBBADADBED0E46F30D /* swift-crypto_Crypto.bundle */ = {isa = PBXFileReference; explicitFileType = wrapper.cfbundle; includeInIndex = 0; path = "swift-crypto_Crypto.bundle"; sourceTree = BUILT_PRODUCTS_DIR; };
		B8DB649B32778704922A4A22 /* HPKE-Utils.swift */ = {isa = PBXFileReference; lastKnownFileType = sourcecode.swift; path = "HPKE-Utils.swift"; sourceTree = "<group>"; };
		BB8A89EAC52ED9D8925619BF /* ChaChaPoly_boring.swift */ = {isa = PBXFileReference; lastKnownFileType = sourcecode.swift; path = ChaChaPoly_boring.swift; sourceTree = "<group>"; };
		BE6EA805FAC6838C87DFD4A8 /* HPKE-LabeledExtract.swift */ = {isa = PBXFileReference; lastKnownFileType = sourcecode.swift; path = "HPKE-LabeledExtract.swift"; sourceTree = "<group>"; };
		C48C249AE2C1B48C654BFCA8 /* ASN1.swift */ = {isa = PBXFileReference; lastKnownFileType = sourcecode.swift; path = ASN1.swift; sourceTree = "<group>"; };
		CA5B28A2C43B2FFEA99F9812 /* swift-crypto_Crypto-Info.plist */ = {isa = PBXFileReference; lastKnownFileType = text.plist; path = "swift-crypto_Crypto-Info.plist"; sourceTree = "<group>"; };
		CAC532D15623A8A8B095B651 /* ASN1OctetString.swift */ = {isa = PBXFileReference; lastKnownFileType = sourcecode.swift; path = ASN1OctetString.swift; sourceTree = "<group>"; };
		CAFDD6511D20092A643221D6 /* KEM.swift */ = {isa = PBXFileReference; lastKnownFileType = sourcecode.swift; path = KEM.swift; sourceTree = "<group>"; };
		CB1686AAB5989BEA96F3DE8D /* Zeroization_boring.swift */ = {isa = PBXFileReference; lastKnownFileType = sourcecode.swift; path = Zeroization_boring.swift; sourceTree = "<group>"; };
		CD5AD186B9E9B04BA4461A16 /* X25519Keys.swift */ = {isa = PBXFileReference; lastKnownFileType = sourcecode.swift; path = X25519Keys.swift; sourceTree = "<group>"; };
		D11E9813900841B76CB54E52 /* Docs.docc */ = {isa = PBXFileReference; lastKnownFileType = folder.documentationcatalog; path = Docs.docc; sourceTree = "<group>"; };
		D1A81BA659896021BD3AA089 /* Insecure_HashFunctions.swift */ = {isa = PBXFileReference; lastKnownFileType = sourcecode.swift; path = Insecure_HashFunctions.swift; sourceTree = "<group>"; };
		D3A933DE49994750138DC57E /* TuistBundle+Crypto.swift */ = {isa = PBXFileReference; lastKnownFileType = sourcecode.swift; path = "TuistBundle+Crypto.swift"; sourceTree = "<group>"; };
		D4EA208235FF44C25EC483C5 /* ASN1Any.swift */ = {isa = PBXFileReference; lastKnownFileType = sourcecode.swift; path = ASN1Any.swift; sourceTree = "<group>"; };
		D7FC0FC4F1A98ED9342E6E0C /* ECDSASignature.swift */ = {isa = PBXFileReference; lastKnownFileType = sourcecode.swift; path = ECDSASignature.swift; sourceTree = "<group>"; };
		DC77EA287687291AF63C0241 /* X25519Keys_boring.swift */ = {isa = PBXFileReference; lastKnownFileType = sourcecode.swift; path = X25519Keys_boring.swift; sourceTree = "<group>"; };
		E10BC8DBAF4DBF054D5EA5A4 /* ObjectIdentifier.swift */ = {isa = PBXFileReference; lastKnownFileType = sourcecode.swift; path = ObjectIdentifier.swift; sourceTree = "<group>"; };
		E18C684CFBBFC034226081F9 /* HPKE-Ciphersuite.swift */ = {isa = PBXFileReference; lastKnownFileType = sourcecode.swift; path = "HPKE-Ciphersuite.swift"; sourceTree = "<group>"; };
		E237DBC91F16E6B2B5C76FCA /* ASN1Integer.swift */ = {isa = PBXFileReference; lastKnownFileType = sourcecode.swift; path = ASN1Integer.swift; sourceTree = "<group>"; };
		E755B7085F03209E6346C47B /* Nonces.swift */ = {isa = PBXFileReference; lastKnownFileType = sourcecode.swift; path = Nonces.swift; sourceTree = "<group>"; };
		EA5CE7E0953F4BA8AD81923A /* Crypto.framework */ = {isa = PBXFileReference; explicitFileType = wrapper.framework; includeInIndex = 0; path = Crypto.framework; sourceTree = BUILT_PRODUCTS_DIR; };
		EC1CF865C59EF7585E03DE34 /* PKCS8PrivateKey.swift */ = {isa = PBXFileReference; lastKnownFileType = sourcecode.swift; path = PKCS8PrivateKey.swift; sourceTree = "<group>"; };
		ED5EEEF9C2AF72AFB78292A7 /* ECDH_boring.swift */ = {isa = PBXFileReference; lastKnownFileType = sourcecode.swift; path = ECDH_boring.swift; sourceTree = "<group>"; };
		F6665EBE210F056630E14ABC /* ASN1Boolean.swift */ = {isa = PBXFileReference; lastKnownFileType = sourcecode.swift; path = ASN1Boolean.swift; sourceTree = "<group>"; };
		FC14440947BA776DF4FD5BFC /* RNG_boring.swift */ = {isa = PBXFileReference; lastKnownFileType = sourcecode.swift; path = RNG_boring.swift; sourceTree = "<group>"; };
		FD0858931AA48C0F4ECEF241 /* HPKE-AEAD.swift */ = {isa = PBXFileReference; lastKnownFileType = sourcecode.swift; path = "HPKE-AEAD.swift"; sourceTree = "<group>"; };
		FF33264C4EC7E6005C069294 /* HashFunctions_SHA2.swift */ = {isa = PBXFileReference; lastKnownFileType = sourcecode.swift; path = HashFunctions_SHA2.swift; sourceTree = "<group>"; };
/* End PBXFileReference section */

/* Begin PBXFrameworksBuildPhase section */
		078B2AB5C8F43104562289FE /* Frameworks */ = {
			isa = PBXFrameworksBuildPhase;
			buildActionMask = 2147483647;
			files = (
			);
			runOnlyForDeploymentPostprocessing = 0;
		};
		DBAFE781793CAF43BBA31F5D /* Frameworks */ = {
			isa = PBXFrameworksBuildPhase;
			buildActionMask = 2147483647;
			files = (
			);
			runOnlyForDeploymentPostprocessing = 0;
		};
/* End PBXFrameworksBuildPhase section */

/* Begin PBXGroup section */
		030459BE7F83EBE266102082 /* Key Schedule */ = {
			isa = PBXGroup;
			children = (
				1C4FEF3BE56546560E398CD9 /* HPKE-Context.swift */,
				394CF9FE5E253A1518D06DAE /* HPKE-KeySchedule.swift */,
			);
			path = "Key Schedule";
			sourceTree = "<group>";
		};
		07B77EA5AA8F3DD688D4578A /* Sources */ = {
			isa = PBXGroup;
			children = (
				D3A933DE49994750138DC57E /* TuistBundle+Crypto.swift */,
			);
			path = Sources;
			sourceTree = "<group>";
		};
		1411C9327AFAC548827B1272 /* InfoPlists */ = {
			isa = PBXGroup;
			children = (
				28823214F59F504E398B1C74 /* Crypto-Info.plist */,
			);
			path = InfoPlists;
			sourceTree = "<group>";
		};
		17456CC307FBF016EF52BEEA /* EC */ = {
			isa = PBXGroup;
			children = (
				1B53FDD760AB8CD7B7C662FC /* BoringSSL */,
				9B4E523DCC10970C2CA4F37D /* Curve25519.swift */,
				5154C8F21F2699D5777A9930 /* Ed25519Keys.swift */,
				5C5B819118F21C4A3F783C8E /* NISTCurvesKeys.swift */,
				CD5AD186B9E9B04BA4461A16 /* X25519Keys.swift */,
			);
			path = EC;
			sourceTree = "<group>";
		};
		1B53FDD760AB8CD7B7C662FC /* BoringSSL */ = {
			isa = PBXGroup;
			children = (
				8E93EC0D1B8AA507B8774FC7 /* Ed25519_boring.swift */,
				265D55BA7B56C209EAEB52F0 /* NISTCurvesKeys_boring.swift */,
				DC77EA287687291AF63C0241 /* X25519Keys_boring.swift */,
			);
			path = BoringSSL;
			sourceTree = "<group>";
		};
		20DEC9DE634EA07473035D3F /* BoringSSL */ = {
			isa = PBXGroup;
			children = (
				702BE17D0EFB5B405742FB43 /* ECDSA_boring.swift */,
				3730C2FDBB79A87F15842F21 /* ECDSASignature_boring.swift */,
				8D7F5C983CD8465921953D2B /* EdDSA_boring.swift */,
			);
			path = BoringSSL;
			sourceTree = "<group>";
		};
		27F9DF61682FE2FC5E0E4D06 /* AES */ = {
			isa = PBXGroup;
			children = (
				E8347507DD163D2733D6676D /* GCM */,
			);
			path = AES;
			sourceTree = "<group>";
		};
		2AC1F75C0F9C5187C23C68ED /* Project */ = {
			isa = PBXGroup;
			children = (
				4A54B5A1970A20F01C27D381 /* Sources */,
				DC6807725D3439A78546876D /* tuist-derived */,
			);
			name = Project;
			sourceTree = "<group>";
		};
		2D35CAEC50A169919D238D36 /* BoringSSL */ = {
			isa = PBXGroup;
			children = (
				ED5EEEF9C2AF72AFB78292A7 /* ECDH_boring.swift */,
			);
			path = BoringSSL;
			sourceTree = "<group>";
		};
		2DBE0556A20FE54941E35679 /* Message Authentication Codes */ = {
			isa = PBXGroup;
			children = (
				F2D6383AD2F858DB219C1069 /* HMAC */,
				150C6E624430F1F16033EC04 /* MACFunctions.swift */,
				8754BF6F4EE904D336F523B4 /* MessageAuthenticationCode.swift */,
			);
			path = "Message Authentication Codes";
			sourceTree = "<group>";
		};
		432DEFA5F9366DB6780997E8 /* BoringSSL */ = {
			isa = PBXGroup;
			children = (
				3BA2EC9DF4EAF9D6FC572928 /* AESWrap_boring.swift */,
			);
			path = BoringSSL;
			sourceTree = "<group>";
		};
		49B582A5C610C51234C6E3AA /* Basic ASN1 Types */ = {
			isa = PBXGroup;
			children = (
				94460FEE220D3BE849FDAB8C /* ArraySliceBigint.swift */,
				D4EA208235FF44C25EC483C5 /* ASN1Any.swift */,
				7B0A3F0FEBA4ADA809580ED5 /* ASN1BitString.swift */,
				F6665EBE210F056630E14ABC /* ASN1Boolean.swift */,
				49028A1204783A0A07C00B4C /* ASN1Identifier.swift */,
				E237DBC91F16E6B2B5C76FCA /* ASN1Integer.swift */,
				78EC35D5416A633B9F492DB0 /* ASN1Null.swift */,
				CAC532D15623A8A8B095B651 /* ASN1OctetString.swift */,
				7E8D4CEA21F25EE8BA27D0DA /* ASN1Strings.swift */,
				1D8DA33CCBA2C10109768D5A /* GeneralizedTime.swift */,
				E10BC8DBAF4DBF054D5EA5A4 /* ObjectIdentifier.swift */,
			);
			path = "Basic ASN1 Types";
			sourceTree = "<group>";
		};
		4A54B5A1970A20F01C27D381 /* Sources */ = {
			isa = PBXGroup;
			children = (
				904F9199C0C92BE004C0C3A0 /* Crypto */,
			);
			path = Sources;
			sourceTree = "<group>";
		};
		5163C04B68B199EF40512A53 /* PRF */ = {
			isa = PBXGroup;
			children = (
				30D8AF31499384708ACE6F23 /* AES.swift */,
			);
			path = PRF;
			sourceTree = "<group>";
		};
		53CAC8ACB59B69FD454F1FD8 /* KEM */ = {
			isa = PBXGroup;
			children = (
				CAFDD6511D20092A643221D6 /* KEM.swift */,
			);
			path = KEM;
			sourceTree = "<group>";
		};
		56471226CBC1BE7EFD53D3A5 /* Conformances */ = {
			isa = PBXGroup;
			children = (
				5D1FBBE6EBB96CFB639507DD /* DHKEM.swift */,
				2856621A469F1931448722A9 /* HPKE-KEM-Curve25519.swift */,
				527EFB624390A9035024BCCE /* HPKE-NIST-EC-KEMs.swift */,
			);
			path = Conformances;
			sourceTree = "<group>";
		};
		578B04DA86D69B6D18CA5EF1 /* KEM */ = {
			isa = PBXGroup;
			children = (
				56471226CBC1BE7EFD53D3A5 /* Conformances */,
				81A062ED5A6F25412E64B5F9 /* HPKE-KEM.swift */,
			);
			path = KEM;
			sourceTree = "<group>";
		};
		6AC733F0E1B2E49BCD8FAEE9 /* Ciphersuite */ = {
			isa = PBXGroup;
			children = (
				578B04DA86D69B6D18CA5EF1 /* KEM */,
				FD0858931AA48C0F4ECEF241 /* HPKE-AEAD.swift */,
				E18C684CFBBFC034226081F9 /* HPKE-Ciphersuite.swift */,
				1D79EFACAFC150902935080D /* HPKE-KDF.swift */,
				03A9AFDBD12FB663506BFC85 /* HPKE-KexKeyDerivation.swift */,
				BE6EA805FAC6838C87DFD4A8 /* HPKE-LabeledExtract.swift */,
				B8DB649B32778704922A4A22 /* HPKE-Utils.swift */,
			);
			path = Ciphersuite;
			sourceTree = "<group>";
		};
		757B4A17518E47BEFCEBE008 /* Util */ = {
			isa = PBXGroup;
			children = (
				B64CCD5097C9706B093E0905 /* BoringSSL */,
				78E14205C556FE35F1617F3E /* PrettyBytes.swift */,
				874E0EB4CF91C7E56997B913 /* SafeCompare.swift */,
				7DBBF59C9DA573FBBBF034E9 /* SecureBytes.swift */,
				8F8B44591B96C95320620127 /* Zeroization.swift */,
			);
			path = Util;
			sourceTree = "<group>";
		};
		77AB686012DCA478452799F5 /* ../../checkouts/swift-crypto */ = {
			isa = PBXGroup;
			children = (
				2AC1F75C0F9C5187C23C68ED /* Project */,
				F14F7FEFAECE486FBCF951DC /* Products */,
			);
			path = "../../checkouts/swift-crypto";
			sourceTree = "<group>";
		};
		7894B37AA4FB990911C6C5CF /* swift-crypto_Crypto */ = {
			isa = PBXGroup;
			children = (
				F5C5D040B55EE61CC0190518 /* InfoPlists */,
			);
			path = "swift-crypto_Crypto";
			sourceTree = "<group>";
		};
		78DA0136F8D9A9FEDD270191 /* BoringSSL */ = {
			isa = PBXGroup;
			children = (
				1E45817A0696E0E2E55E19A9 /* AES-GCM_boring.swift */,
			);
			path = BoringSSL;
			sourceTree = "<group>";
		};
		8565DE94C2B1FEAA256F48D4 /* BoringSSL */ = {
			isa = PBXGroup;
			children = (
				9AEF49E69529FA0DC812F672 /* Digest_boring.swift */,
			);
			path = BoringSSL;
			sourceTree = "<group>";
		};
		8A9405D2CD8D19C18E905C13 /* Modes */ = {
			isa = PBXGroup;
			children = (
				5702ED13D5896F1DB5E8CA82 /* HPKE-Modes.swift */,
			);
			path = Modes;
			sourceTree = "<group>";
		};
		8AC4E6317F5220113DC18949 /* Crypto */ = {
			isa = PBXGroup;
			children = (
				1411C9327AFAC548827B1272 /* InfoPlists */,
				07B77EA5AA8F3DD688D4578A /* Sources */,
			);
			path = Crypto;
			sourceTree = "<group>";
		};
		904F9199C0C92BE004C0C3A0 /* Crypto */ = {
			isa = PBXGroup;
			children = (
				FACDABEF82D493A93F15CA47 /* AEADs */,
				D7519E529457869B95A9514D /* ASN1 */,
				FF12F6786F068CE789A7B845 /* Digests */,
				E8E184043017035AA7D6999B /* HPKE */,
				C7C33A72D35B88ED8AE41558 /* Insecure */,
				53CAC8ACB59B69FD454F1FD8 /* KEM */,
				9609BB22A17D75B3D957FF67 /* Key Agreement */,
				C5ABE9BF19023A89B358F502 /* Key Derivation */,
				91867A75F46D48C48BC5F9C1 /* Key Wrapping */,
				C1C3304F60D2D5FD296C89DA /* Keys */,
				2DBE0556A20FE54941E35679 /* Message Authentication Codes */,
				5163C04B68B199EF40512A53 /* PRF */,
				DC5DEBCD5C66B4C706F09890 /* Signatures */,
				757B4A17518E47BEFCEBE008 /* Util */,
				7A6797EDA0DBB766E75C166A /* CryptoKitErrors.swift */,
				D11E9813900841B76CB54E52 /* Docs.docc */,
				0489F765606A88BEFB88BF66 /* PrivacyInfo.xcprivacy */,
			);
			path = Crypto;
			sourceTree = "<group>";
		};
		91867A75F46D48C48BC5F9C1 /* Key Wrapping */ = {
			isa = PBXGroup;
			children = (
				432DEFA5F9366DB6780997E8 /* BoringSSL */,
				049C825549F0F6BAD76E04E0 /* AESWrap.swift */,
			);
			path = "Key Wrapping";
			sourceTree = "<group>";
		};
		933DCAF57B85AAC92D95C7C6 /* Symmetric */ = {
			isa = PBXGroup;
			children = (
				9B5D1FD5083A1C662B9C129D /* SymmetricKeys.swift */,
			);
			path = Symmetric;
			sourceTree = "<group>";
		};
		9609BB22A17D75B3D957FF67 /* Key Agreement */ = {
			isa = PBXGroup;
			children = (
				2D35CAEC50A169919D238D36 /* BoringSSL */,
				A4D6DA82E20D19BCB839B1DD /* DH.swift */,
				3CBC0572751BFC1AFC47C092 /* ECDH.swift */,
			);
			path = "Key Agreement";
			sourceTree = "<group>";
		};
		B64CCD5097C9706B093E0905 /* BoringSSL */ = {
			isa = PBXGroup;
			children = (
				09EE6576AA029F4ED32CABD7 /* CryptoKitErrors_boring.swift */,
				FC14440947BA776DF4FD5BFC /* RNG_boring.swift */,
				8BA9E9013858060E87DE982C /* SafeCompare_boring.swift */,
				CB1686AAB5989BEA96F3DE8D /* Zeroization_boring.swift */,
			);
			path = BoringSSL;
			sourceTree = "<group>";
		};
		B8247ABEBD931B90A1BCA112 /* BoringSSL */ = {
			isa = PBXGroup;
			children = (
				BB8A89EAC52ED9D8925619BF /* ChaChaPoly_boring.swift */,
			);
			path = BoringSSL;
			sourceTree = "<group>";
		};
		BC8BAFBFF6BE6A79F0E37989 /* ChachaPoly */ = {
			isa = PBXGroup;
			children = (
				B8247ABEBD931B90A1BCA112 /* BoringSSL */,
				04E4E61740D3BCD1355C24B7 /* ChaChaPoly.swift */,
			);
			path = ChachaPoly;
			sourceTree = "<group>";
		};
		C1C3304F60D2D5FD296C89DA /* Keys */ = {
			isa = PBXGroup;
			children = (
				17456CC307FBF016EF52BEEA /* EC */,
				933DCAF57B85AAC92D95C7C6 /* Symmetric */,
			);
			path = Keys;
			sourceTree = "<group>";
		};
		C5ABE9BF19023A89B358F502 /* Key Derivation */ = {
			isa = PBXGroup;
			children = (
				65BF96D34E13F71951304B47 /* HKDF.swift */,
			);
			path = "Key Derivation";
			sourceTree = "<group>";
		};
		C7C33A72D35B88ED8AE41558 /* Insecure */ = {
			isa = PBXGroup;
			children = (
				D1A81BA659896021BD3AA089 /* Insecure_HashFunctions.swift */,
				08DB39838C9AA02D7B47AED6 /* Insecure.swift */,
			);
			path = Insecure;
			sourceTree = "<group>";
		};
		D7519E529457869B95A9514D /* ASN1 */ = {
			isa = PBXGroup;
			children = (
				49B582A5C610C51234C6E3AA /* Basic ASN1 Types */,
				C48C249AE2C1B48C654BFCA8 /* ASN1.swift */,
				D7FC0FC4F1A98ED9342E6E0C /* ECDSASignature.swift */,
				53B6988068BF8256C0E6FD41 /* PEMDocument.swift */,
				EC1CF865C59EF7585E03DE34 /* PKCS8PrivateKey.swift */,
				2B6AA549FE0205386255B741 /* SEC1PrivateKey.swift */,
				A882ED0FF3774786AED72904 /* SubjectPublicKeyInfo.swift */,
			);
			path = ASN1;
			sourceTree = "<group>";
		};
		DC5DEBCD5C66B4C706F09890 /* Signatures */ = {
			isa = PBXGroup;
			children = (
				20DEC9DE634EA07473035D3F /* BoringSSL */,
				6309E783B462253F2B3574AE /* ECDSA.swift */,
				5ADD6D9398FACA887014E68D /* Ed25519.swift */,
				1EA47558092FD5B692C72A7B /* Signature.swift */,
			);
			path = Signatures;
			sourceTree = "<group>";
		};
		DC6807725D3439A78546876D /* tuist-derived */ = {
			isa = PBXGroup;
			children = (
				8AC4E6317F5220113DC18949 /* Crypto */,
				7894B37AA4FB990911C6C5CF /* swift-crypto_Crypto */,
			);
			name = "tuist-derived";
			path = "../../tuist-derived";
			sourceTree = "<group>";
		};
		E8347507DD163D2733D6676D /* GCM */ = {
			isa = PBXGroup;
			children = (
				78DA0136F8D9A9FEDD270191 /* BoringSSL */,
				93E77A82B0A95B26A9A8103D /* AES-GCM.swift */,
			);
			path = GCM;
			sourceTree = "<group>";
		};
		E8E184043017035AA7D6999B /* HPKE */ = {
			isa = PBXGroup;
			children = (
				6AC733F0E1B2E49BCD8FAEE9 /* Ciphersuite */,
				030459BE7F83EBE266102082 /* Key Schedule */,
				8A9405D2CD8D19C18E905C13 /* Modes */,
				ACF333D9AE1C035F2D903948 /* HPKE-Errors.swift */,
				652307D2D12CA239F90307FC /* HPKE.swift */,
			);
			path = HPKE;
			sourceTree = "<group>";
		};
		F14F7FEFAECE486FBCF951DC /* Products */ = {
			isa = PBXGroup;
			children = (
				EA5CE7E0953F4BA8AD81923A /* Crypto.framework */,
				B8BA07CBBADADBED0E46F30D /* swift-crypto_Crypto.bundle */,
			);
			name = Products;
			sourceTree = "<group>";
		};
		F2D6383AD2F858DB219C1069 /* HMAC */ = {
			isa = PBXGroup;
			children = (
				513DFB95BF7D074FF0023018 /* HMAC.swift */,
			);
			path = HMAC;
			sourceTree = "<group>";
		};
		F5C5D040B55EE61CC0190518 /* InfoPlists */ = {
			isa = PBXGroup;
			children = (
				CA5B28A2C43B2FFEA99F9812 /* swift-crypto_Crypto-Info.plist */,
			);
			path = InfoPlists;
			sourceTree = "<group>";
		};
		FACDABEF82D493A93F15CA47 /* AEADs */ = {
			isa = PBXGroup;
			children = (
				27F9DF61682FE2FC5E0E4D06 /* AES */,
				BC8BAFBFF6BE6A79F0E37989 /* ChachaPoly */,
				52C08968AE2D777267FC55A7 /* Cipher.swift */,
				E755B7085F03209E6346C47B /* Nonces.swift */,
			);
			path = AEADs;
			sourceTree = "<group>";
		};
		FF12F6786F068CE789A7B845 /* Digests */ = {
			isa = PBXGroup;
			children = (
				8565DE94C2B1FEAA256F48D4 /* BoringSSL */,
				245B0CE788BAEE930C99827F /* Digest.swift */,
				2592F7AABB892D6D40EDD549 /* Digests.swift */,
				FF33264C4EC7E6005C069294 /* HashFunctions_SHA2.swift */,
				36C9DA8F826DBED6F3B30A2B /* HashFunctions.swift */,
			);
			path = Digests;
			sourceTree = "<group>";
		};
/* End PBXGroup section */

/* Begin PBXNativeTarget section */
		80768BF23537BC72995D780E /* swift-crypto_Crypto */ = {
			isa = PBXNativeTarget;
			buildConfigurationList = 91A595898D8F1F185DF8D7E6 /* Build configuration list for PBXNativeTarget "swift-crypto_Crypto" */;
			buildPhases = (
				3A03D25C6194CD95466FBE9B /* Resources */,
				DBAFE781793CAF43BBA31F5D /* Frameworks */,
				D454A1AEDFEE4801B468DC05 /* Embed Frameworks */,
			);
			buildRules = (
			);
			dependencies = (
			);
			name = "swift-crypto_Crypto";
			packageProductDependencies = (
			);
			productName = "swift-crypto_Crypto";
			productReference = B8BA07CBBADADBED0E46F30D /* swift-crypto_Crypto.bundle */;
			productType = "com.apple.product-type.bundle";
		};
		EFE8F0C7C1D24E25CAA7F815 /* Crypto */ = {
			isa = PBXNativeTarget;
			buildConfigurationList = 8FA2D3614064F9B1E9E49FA1 /* Build configuration list for PBXNativeTarget "Crypto" */;
			buildPhases = (
				D621CAC5DEF5666B26FFFE49 /* Sources */,
				75D68CF1E46DD19A4D7C5AD7 /* Resources */,
				078B2AB5C8F43104562289FE /* Frameworks */,
				3C134F095A7E49A4532BAA3A /* Embed Frameworks */,
			);
			buildRules = (
			);
			dependencies = (
				8648B2C641E81649B81FB300 /* PBXTargetDependency */,
			);
			name = Crypto;
			packageProductDependencies = (
			);
			productName = Crypto;
			productReference = EA5CE7E0953F4BA8AD81923A /* Crypto.framework */;
			productType = "com.apple.product-type.framework";
		};
/* End PBXNativeTarget section */

/* Begin PBXProject section */
		FB41CBE1BF30FF7B0CBA5E8B /* Project object */ = {
			isa = PBXProject;
			attributes = {
				BuildIndependentTargetsInParallel = YES;
				LastUpgradeCheck = 9999;
			};
			buildConfigurationList = 0C4224DC7E6C9CEB97699EC6 /* Build configuration list for PBXProject "swift-crypto" */;
			compatibilityVersion = "Xcode 14.0";
			developmentRegion = en;
			hasScannedForEncodings = 0;
			knownRegions = (
				Base,
				en,
			);
			mainGroup = 77AB686012DCA478452799F5 /* ../../checkouts/swift-crypto */;
			productRefGroup = F14F7FEFAECE486FBCF951DC /* Products */;
			projectDirPath = "";
			projectRoot = "";
			targets = (
				EFE8F0C7C1D24E25CAA7F815 /* Crypto */,
				80768BF23537BC72995D780E /* swift-crypto_Crypto */,
			);
		};
/* End PBXProject section */

/* Begin PBXResourcesBuildPhase section */
		3A03D25C6194CD95466FBE9B /* Resources */ = {
			isa = PBXResourcesBuildPhase;
			buildActionMask = 2147483647;
			files = (
				0A947DFDC44CB6E65D0A262D /* PrivacyInfo.xcprivacy in Resources */,
			);
			runOnlyForDeploymentPostprocessing = 0;
		};
		75D68CF1E46DD19A4D7C5AD7 /* Resources */ = {
			isa = PBXResourcesBuildPhase;
			buildActionMask = 2147483647;
			files = (
			);
			runOnlyForDeploymentPostprocessing = 0;
		};
/* End PBXResourcesBuildPhase section */

/* Begin PBXSourcesBuildPhase section */
		D621CAC5DEF5666B26FFFE49 /* Sources */ = {
			isa = PBXSourcesBuildPhase;
			buildActionMask = 2147483647;
			files = (
				E108C9410F1157F7636BB9EC /* AES-GCM.swift in Sources */,
				AB1459F35CF3BE132BB93460 /* AES-GCM_boring.swift in Sources */,
				41C66B0DA29B0A28FCE08E9E /* ChaChaPoly_boring.swift in Sources */,
				54F95E8A41F013291FDC2908 /* ChaChaPoly.swift in Sources */,
				ACEEEFD9406DFCF9F62E9B6A /* Cipher.swift in Sources */,
				23BDD7F2A7AB60C3B6536508 /* Nonces.swift in Sources */,
				657047254721F71CF44DD49A /* ASN1.swift in Sources */,
				A928DFCDE1C4F30C57074410 /* ASN1Any.swift in Sources */,
				CB893BD7CAF7B895FDC5C093 /* ASN1BitString.swift in Sources */,
				0B502F37D1B0B086C69AA7CE /* ASN1Boolean.swift in Sources */,
				7970BE233171DEDA82EDFAEA /* ASN1Identifier.swift in Sources */,
				7C4AB6CFBDB645F9C3DD525B /* ASN1Integer.swift in Sources */,
				2027099034FB47C44277D594 /* ASN1Null.swift in Sources */,
				D5B7933D7DDAECA2286558CD /* ASN1OctetString.swift in Sources */,
				4500F8CBFF56EFA87A376F4E /* ASN1Strings.swift in Sources */,
				BE3B26DC6DDA6AD0C2059478 /* ArraySliceBigint.swift in Sources */,
				5CE1A9514855DF7535469D5E /* GeneralizedTime.swift in Sources */,
				35EDC114A99CC09EB6751C7F /* ObjectIdentifier.swift in Sources */,
				A07425D10B88B8EF5A84E606 /* ECDSASignature.swift in Sources */,
				D764BC080113D7F78E415CB9 /* PEMDocument.swift in Sources */,
				1452A498F7F386073667B8D0 /* PKCS8PrivateKey.swift in Sources */,
				FF53856EF194FA6157BE6B10 /* SEC1PrivateKey.swift in Sources */,
				705EAB1BD82A9AA5C2AA5CD0 /* SubjectPublicKeyInfo.swift in Sources */,
				23E82E9D51C40E43F452B412 /* CryptoKitErrors.swift in Sources */,
				5812BE3138A10E387FB8CA2F /* Digest_boring.swift in Sources */,
				E6ACE43AD6757EB90966D812 /* Digest.swift in Sources */,
				06622802D716A15FE85292A7 /* Digests.swift in Sources */,
				1EF2E5F3F135E42DDABEBF33 /* HashFunctions.swift in Sources */,
				C70B674406C0462C41685DEA /* HashFunctions_SHA2.swift in Sources */,
				8102C6424050F782987E593E /* Docs.docc in Sources */,
				A104DDD3B2404E60DEC0DAE7 /* HPKE-AEAD.swift in Sources */,
				8D7FAD75FCB2D41871323BAE /* HPKE-Ciphersuite.swift in Sources */,
				FB20F526CC2DA535699C2EB2 /* HPKE-KDF.swift in Sources */,
				7FE6DC34912F61E50E28DC4F /* HPKE-KexKeyDerivation.swift in Sources */,
				A9B8F7227991F4CC81037F1B /* HPKE-LabeledExtract.swift in Sources */,
				4989274629A65EEDEEDDDB6C /* HPKE-Utils.swift in Sources */,
				BE5480C53AE89995E20F939E /* DHKEM.swift in Sources */,
				1C48BF949ACC7B5602F03808 /* HPKE-KEM-Curve25519.swift in Sources */,
				0EB105E7F6E5394652F507AA /* HPKE-NIST-EC-KEMs.swift in Sources */,
				87A817FE26BF2B9928BD5181 /* HPKE-KEM.swift in Sources */,
				98B807CE043FBD42061F20A4 /* HPKE-Errors.swift in Sources */,
				78B4132AF7384D91B5A30D41 /* HPKE.swift in Sources */,
				650A87962E123CBCFAF88393 /* HPKE-Context.swift in Sources */,
				96F34A7711C1750E80FE4707 /* HPKE-KeySchedule.swift in Sources */,
				644CD259A502C7DA4A4317B7 /* HPKE-Modes.swift in Sources */,
				72F50E9BFD19E8FDCA94698F /* Insecure.swift in Sources */,
				8128969AFA1A50F48661F877 /* Insecure_HashFunctions.swift in Sources */,
				5E03B235C086FA447845DE95 /* KEM.swift in Sources */,
				BBAAFAC7850F8CA550EB2007 /* ECDH_boring.swift in Sources */,
				40BD2583EB1528BFB346B342 /* DH.swift in Sources */,
				B7D4B7AE157D80BE7C1E1939 /* ECDH.swift in Sources */,
				A7E88829FA4558EEA84C3E65 /* HKDF.swift in Sources */,
				986982EF8EF2FEA2ACE1AAD4 /* AESWrap.swift in Sources */,
				21AA295831F3408C86B8A10A /* AESWrap_boring.swift in Sources */,
				F4C7018C0593025363A776EE /* Ed25519_boring.swift in Sources */,
				DAE0F222BC6B8FF4D23BAA65 /* NISTCurvesKeys_boring.swift in Sources */,
				31293DE4925DA727F2C05370 /* X25519Keys_boring.swift in Sources */,
				E37CBFC379EFAEFE3B77360B /* Curve25519.swift in Sources */,
				FEA634F2C4C0D15E597B560B /* Ed25519Keys.swift in Sources */,
				F392757A81A1F1BCA9222E39 /* NISTCurvesKeys.swift in Sources */,
				66BC51865CA226D32BC6F143 /* X25519Keys.swift in Sources */,
				E3385E6E858E8C9B0C745370 /* SymmetricKeys.swift in Sources */,
				CEA1402E49A1A87013CCF36C /* HMAC.swift in Sources */,
				783C040BA581B60ABEC63541 /* MACFunctions.swift in Sources */,
				932D5EFCC9F525C29DE20A31 /* MessageAuthenticationCode.swift in Sources */,
				30DD7D4EECEB3031DEFE84AA /* AES.swift in Sources */,
				1AE32D1850ACFFC233EEBB2B /* ECDSASignature_boring.swift in Sources */,
				52F1FB3932B3D60CAD48AF09 /* ECDSA_boring.swift in Sources */,
				2BB492CF1616113B9C36A331 /* EdDSA_boring.swift in Sources */,
				C6B6A1B336B91B9B2D0E4CCC /* ECDSA.swift in Sources */,
				74CEB9E3729B742AF38C483E /* Ed25519.swift in Sources */,
				331AFF3ED76DE300F4F64239 /* Signature.swift in Sources */,
				16B2E4154377DF92F476616D /* CryptoKitErrors_boring.swift in Sources */,
				D34EFBABC754A0F852864513 /* RNG_boring.swift in Sources */,
				4EE1DE008EAF6718F6B18577 /* SafeCompare_boring.swift in Sources */,
				8D933D4E041691A1660BAF65 /* Zeroization_boring.swift in Sources */,
				CAD5AAA968820B2BA258D303 /* PrettyBytes.swift in Sources */,
				A3E642088CB284C358DFF105 /* SafeCompare.swift in Sources */,
				9E4292C7F420C5641735D260 /* SecureBytes.swift in Sources */,
				04D4F078FC9EC84313510A00 /* Zeroization.swift in Sources */,
				B441CAD453CD044BFBB34109 /* TuistBundle+Crypto.swift in Sources */,
			);
			runOnlyForDeploymentPostprocessing = 0;
		};
/* End PBXSourcesBuildPhase section */

/* Begin PBXTargetDependency section */
		8648B2C641E81649B81FB300 /* PBXTargetDependency */ = {
			isa = PBXTargetDependency;
			name = "swift-crypto_Crypto";
			target = 80768BF23537BC72995D780E /* swift-crypto_Crypto */;
			targetProxy = 282710F18E9AFD07806DEB5D /* PBXContainerItemProxy */;
		};
/* End PBXTargetDependency section */

/* Begin XCBuildConfiguration section */
		1061DFA3227161290FF036D3 /* Release */ = {
			isa = XCBuildConfiguration;
			buildSettings = {
				ALWAYS_SEARCH_USER_PATHS = YES;
				CLANG_ANALYZER_LOCALIZABILITY_NONLOCALIZED = YES;
				CLANG_ANALYZER_NONNULL = YES;
				CLANG_ANALYZER_NUMBER_OBJECT_CONVERSION = YES_AGGRESSIVE;
				CLANG_CXX_LANGUAGE_STANDARD = "c++14";
				CLANG_CXX_LIBRARY = "libc++";
				CLANG_ENABLE_MODULES = YES;
				CLANG_ENABLE_OBJC_ARC = YES;
				CLANG_ENABLE_OBJC_WEAK = NO;
				CLANG_WARN_BLOCK_CAPTURE_AUTORELEASING = YES;
				CLANG_WARN_BOOL_CONVERSION = YES;
				CLANG_WARN_COMMA = YES;
				CLANG_WARN_CONSTANT_CONVERSION = YES;
				CLANG_WARN_DEPRECATED_OBJC_IMPLEMENTATIONS = YES;
				CLANG_WARN_DIRECT_OBJC_ISA_USAGE = YES_ERROR;
				CLANG_WARN_DOCUMENTATION_COMMENTS = YES;
				CLANG_WARN_EMPTY_BODY = YES;
				CLANG_WARN_ENUM_CONVERSION = YES;
				CLANG_WARN_INFINITE_RECURSION = YES;
				CLANG_WARN_INT_CONVERSION = YES;
				CLANG_WARN_NON_LITERAL_NULL_CONVERSION = YES;
				CLANG_WARN_OBJC_IMPLICIT_RETAIN_SELF = YES;
				CLANG_WARN_OBJC_LITERAL_CONVERSION = YES;
				CLANG_WARN_OBJC_ROOT_CLASS = YES_ERROR;
				CLANG_WARN_QUOTED_INCLUDE_IN_FRAMEWORK_HEADER = NO;
				CLANG_WARN_RANGE_LOOP_ANALYSIS = YES;
				CLANG_WARN_STRICT_PROTOTYPES = YES;
				CLANG_WARN_SUSPICIOUS_MOVE = YES;
				CLANG_WARN_UNGUARDED_AVAILABILITY = YES_AGGRESSIVE;
				CLANG_WARN_UNREACHABLE_CODE = YES;
				CLANG_WARN__DUPLICATE_METHOD_MATCH = YES;
				COPY_PHASE_STRIP = NO;
				DEAD_CODE_STRIPPING = YES;
				DEBUG_INFORMATION_FORMAT = "dwarf-with-dsym";
				ENABLE_NS_ASSERTIONS = NO;
				ENABLE_STRICT_OBJC_MSGSEND = NO;
				FRAMEWORK_SEARCH_PATHS = (
					"$(inherited)",
					"$(PLATFORM_DIR)/Developer/Library/Frameworks",
				);
				GCC_C_LANGUAGE_STANDARD = gnu11;
				GCC_NO_COMMON_BLOCKS = NO;
				GCC_PREPROCESSOR_DEFINITIONS = (
					"$(inherited)",
					"SWIFT_PACKAGE=1",
				);
				GCC_WARN_64_TO_32_BIT_CONVERSION = YES;
				GCC_WARN_ABOUT_RETURN_TYPE = YES_ERROR;
				GCC_WARN_INHIBIT_ALL_WARNINGS = YES;
				GCC_WARN_UNDECLARED_SELECTOR = YES;
				GCC_WARN_UNINITIALIZED_AUTOS = YES_AGGRESSIVE;
				GCC_WARN_UNUSED_FUNCTION = YES;
				GCC_WARN_UNUSED_VARIABLE = YES;
				MTL_ENABLE_DEBUG_INFO = NO;
				OTHER_SWIFT_FLAGS = (
					"$(inherited)",
					"-package-name",
					"swift-crypto",
				);
				PRODUCT_NAME = "$(TARGET_NAME)";
				SRCROOT = "../../checkouts/swift-crypto";
				SWIFT_ACTIVE_COMPILATION_CONDITIONS = (
					"$(inherited)",
					SWIFT_PACKAGE,
				);
				SWIFT_SUPPRESS_WARNINGS = YES;
				USE_HEADERMAP = NO;
				VALIDATE_PRODUCT = YES;
			};
			name = Release;
		};
		120C42481C598D2F7D9C762D /* Debug */ = {
			isa = XCBuildConfiguration;
			buildSettings = {
				ALWAYS_SEARCH_USER_PATHS = YES;
				CLANG_ANALYZER_LOCALIZABILITY_NONLOCALIZED = YES;
				CLANG_ANALYZER_NONNULL = YES;
				CLANG_ANALYZER_NUMBER_OBJECT_CONVERSION = YES_AGGRESSIVE;
				CLANG_CXX_LANGUAGE_STANDARD = "c++14";
				CLANG_CXX_LIBRARY = "libc++";
				CLANG_ENABLE_MODULES = YES;
				CLANG_ENABLE_OBJC_ARC = YES;
				CLANG_ENABLE_OBJC_WEAK = NO;
				CLANG_WARN_BLOCK_CAPTURE_AUTORELEASING = YES;
				CLANG_WARN_BOOL_CONVERSION = YES;
				CLANG_WARN_COMMA = YES;
				CLANG_WARN_CONSTANT_CONVERSION = YES;
				CLANG_WARN_DEPRECATED_OBJC_IMPLEMENTATIONS = YES;
				CLANG_WARN_DIRECT_OBJC_ISA_USAGE = YES_ERROR;
				CLANG_WARN_DOCUMENTATION_COMMENTS = YES;
				CLANG_WARN_EMPTY_BODY = YES;
				CLANG_WARN_ENUM_CONVERSION = YES;
				CLANG_WARN_INFINITE_RECURSION = YES;
				CLANG_WARN_INT_CONVERSION = YES;
				CLANG_WARN_NON_LITERAL_NULL_CONVERSION = YES;
				CLANG_WARN_OBJC_IMPLICIT_RETAIN_SELF = YES;
				CLANG_WARN_OBJC_LITERAL_CONVERSION = YES;
				CLANG_WARN_OBJC_ROOT_CLASS = YES_ERROR;
				CLANG_WARN_QUOTED_INCLUDE_IN_FRAMEWORK_HEADER = NO;
				CLANG_WARN_RANGE_LOOP_ANALYSIS = YES;
				CLANG_WARN_STRICT_PROTOTYPES = YES;
				CLANG_WARN_SUSPICIOUS_MOVE = YES;
				CLANG_WARN_UNGUARDED_AVAILABILITY = YES_AGGRESSIVE;
				CLANG_WARN_UNREACHABLE_CODE = YES;
				CLANG_WARN__DUPLICATE_METHOD_MATCH = YES;
				COPY_PHASE_STRIP = NO;
				DEAD_CODE_STRIPPING = YES;
				DEBUG_INFORMATION_FORMAT = dwarf;
				ENABLE_STRICT_OBJC_MSGSEND = NO;
				ENABLE_TESTABILITY = YES;
				FRAMEWORK_SEARCH_PATHS = (
					"$(inherited)",
					"$(PLATFORM_DIR)/Developer/Library/Frameworks",
				);
				GCC_C_LANGUAGE_STANDARD = gnu11;
				GCC_DYNAMIC_NO_PIC = NO;
				GCC_NO_COMMON_BLOCKS = NO;
				GCC_OPTIMIZATION_LEVEL = 0;
				GCC_PREPROCESSOR_DEFINITIONS = (
					"$(inherited)",
					"DEBUG=1",
					"SWIFT_PACKAGE=1",
				);
				GCC_WARN_64_TO_32_BIT_CONVERSION = YES;
				GCC_WARN_ABOUT_RETURN_TYPE = YES_ERROR;
				GCC_WARN_INHIBIT_ALL_WARNINGS = YES;
				GCC_WARN_UNDECLARED_SELECTOR = YES;
				GCC_WARN_UNINITIALIZED_AUTOS = YES_AGGRESSIVE;
				GCC_WARN_UNUSED_FUNCTION = YES;
				GCC_WARN_UNUSED_VARIABLE = YES;
				MTL_ENABLE_DEBUG_INFO = YES;
				ONLY_ACTIVE_ARCH = YES;
				OTHER_SWIFT_FLAGS = (
					"$(inherited)",
					"-package-name",
					"swift-crypto",
				);
				PRODUCT_NAME = "$(TARGET_NAME)";
				SRCROOT = "../../checkouts/swift-crypto";
				SWIFT_ACTIVE_COMPILATION_CONDITIONS = (
					"$(inherited)",
					SWIFT_PACKAGE,
				);
				SWIFT_SUPPRESS_WARNINGS = YES;
				USE_HEADERMAP = NO;
			};
			name = Debug;
		};
		5225EFF6CE6DA7B864A23F8B /* Debug */ = {
			isa = XCBuildConfiguration;
			buildSettings = {
				CODE_SIGNING_ALLOWED = NO;
				CODE_SIGN_IDENTITY = "iPhone Developer";
				"CODE_SIGN_IDENTITY[sdk=macosx*]" = "-";
				DERIVE_MACCATALYST_PRODUCT_BUNDLE_IDENTIFIER = YES;
				GENERATE_MASTER_OBJECT_FILE = NO;
				INFOPLIST_FILE = "$(SRCROOT)/../../tuist-derived/swift-crypto_Crypto/InfoPlists/swift-crypto_Crypto-Info.plist";
				IPHONEOS_DEPLOYMENT_TARGET = 12.0;
				PRODUCT_BUNDLE_IDENTIFIER = Crypto.resources;
				PRODUCT_NAME = "swift-crypto_Crypto";
				SDKROOT = iphoneos;
				SKIP_INSTALL = YES;
				SUPPORTS_MACCATALYST = YES;
				SUPPORTS_MAC_DESIGNED_FOR_IPHONE_IPAD = YES;
				SUPPORTS_XR_DESIGNED_FOR_IPHONE_IPAD = YES;
				SWIFT_ACTIVE_COMPILATION_CONDITIONS = (
					"$(inherited)",
					DEBUG,
				);
				SWIFT_COMPILATION_MODE = singlefile;
				SWIFT_OPTIMIZATION_LEVEL = "-Onone";
				SWIFT_VERSION = 5.0;
				TARGETED_DEVICE_FAMILY = "1,2,6";
			};
			name = Debug;
		};
		6D58112C4B722C95BB8A03A0 /* Release */ = {
			isa = XCBuildConfiguration;
			buildSettings = {
				CODE_SIGNING_ALLOWED = NO;
				CODE_SIGN_IDENTITY = "iPhone Developer";
				"CODE_SIGN_IDENTITY[sdk=macosx*]" = "-";
				DERIVE_MACCATALYST_PRODUCT_BUNDLE_IDENTIFIER = YES;
				GENERATE_MASTER_OBJECT_FILE = NO;
				INFOPLIST_FILE = "$(SRCROOT)/../../tuist-derived/swift-crypto_Crypto/InfoPlists/swift-crypto_Crypto-Info.plist";
				IPHONEOS_DEPLOYMENT_TARGET = 12.0;
				PRODUCT_BUNDLE_IDENTIFIER = Crypto.resources;
				PRODUCT_NAME = "swift-crypto_Crypto";
				SDKROOT = iphoneos;
				SKIP_INSTALL = YES;
				SUPPORTS_MACCATALYST = YES;
				SUPPORTS_MAC_DESIGNED_FOR_IPHONE_IPAD = YES;
				SUPPORTS_XR_DESIGNED_FOR_IPHONE_IPAD = YES;
				SWIFT_COMPILATION_MODE = wholemodule;
				SWIFT_OPTIMIZATION_LEVEL = "-Owholemodule";
				SWIFT_VERSION = 5.0;
				TARGETED_DEVICE_FAMILY = "1,2,6";
			};
			name = Release;
		};
		BF4CA0BE9679039566B12792 /* Release */ = {
			isa = XCBuildConfiguration;
			buildSettings = {
				CODE_SIGN_IDENTITY = "";
				"CODE_SIGN_IDENTITY[sdk=macosx*]" = "-";
				CURRENT_PROJECT_VERSION = 1;
				DEFINES_MODULE = YES;
				DERIVE_MACCATALYST_PRODUCT_BUNDLE_IDENTIFIER = YES;
				DYLIB_COMPATIBILITY_VERSION = 1;
				DYLIB_CURRENT_VERSION = 1;
				DYLIB_INSTALL_NAME_BASE = "@rpath";
				INFOPLIST_FILE = "$(SRCROOT)/../../tuist-derived/Crypto/InfoPlists/Crypto-Info.plist";
				INSTALL_PATH = "$(LOCAL_LIBRARY_DIR)/Frameworks";
				IPHONEOS_DEPLOYMENT_TARGET = 12.0;
				LD_RUNPATH_SEARCH_PATHS = (
					"$(inherited)",
					"@executable_path/Frameworks",
					"@loader_path/Frameworks",
				);
				MACH_O_TYPE = staticlib;
				OTHER_SWIFT_FLAGS = (
					"$(inherited)",
					"-enable-upcoming-feature \"MemberImportVisibility\"",
				);
				PRODUCT_BUNDLE_IDENTIFIER = Crypto;
				PRODUCT_NAME = Crypto;
				SDKROOT = iphoneos;
				SKIP_INSTALL = YES;
				SUPPORTS_MACCATALYST = YES;
				SUPPORTS_MAC_DESIGNED_FOR_IPHONE_IPAD = YES;
				SUPPORTS_XR_DESIGNED_FOR_IPHONE_IPAD = YES;
				SWIFT_ACTIVE_COMPILATION_CONDITIONS = (
					"$(inherited)",
					CRYPTO_IN_SWIFTPM,
				);
				SWIFT_COMPILATION_MODE = wholemodule;
				SWIFT_OPTIMIZATION_LEVEL = "-Owholemodule";
				SWIFT_VERSION = 5.0;
				TARGETED_DEVICE_FAMILY = "1,2,6";
				VERSIONING_SYSTEM = "apple-generic";
				VERSION_INFO_PREFIX = "";
			};
			name = Release;
		};
		F5CD0A86502FF79E3F52AE35 /* Debug */ = {
			isa = XCBuildConfiguration;
			buildSettings = {
				CODE_SIGN_IDENTITY = "";
				"CODE_SIGN_IDENTITY[sdk=macosx*]" = "-";
				CURRENT_PROJECT_VERSION = 1;
				DEFINES_MODULE = YES;
				DERIVE_MACCATALYST_PRODUCT_BUNDLE_IDENTIFIER = YES;
				DYLIB_COMPATIBILITY_VERSION = 1;
				DYLIB_CURRENT_VERSION = 1;
				DYLIB_INSTALL_NAME_BASE = "@rpath";
				INFOPLIST_FILE = "$(SRCROOT)/../../tuist-derived/Crypto/InfoPlists/Crypto-Info.plist";
				INSTALL_PATH = "$(LOCAL_LIBRARY_DIR)/Frameworks";
				IPHONEOS_DEPLOYMENT_TARGET = 12.0;
				LD_RUNPATH_SEARCH_PATHS = (
					"$(inherited)",
					"@executable_path/Frameworks",
					"@loader_path/Frameworks",
				);
				MACH_O_TYPE = staticlib;
				OTHER_SWIFT_FLAGS = (
					"$(inherited)",
					"-enable-upcoming-feature \"MemberImportVisibility\"",
				);
				PRODUCT_BUNDLE_IDENTIFIER = Crypto;
				PRODUCT_NAME = Crypto;
				SDKROOT = iphoneos;
				SKIP_INSTALL = YES;
				SUPPORTS_MACCATALYST = YES;
				SUPPORTS_MAC_DESIGNED_FOR_IPHONE_IPAD = YES;
				SUPPORTS_XR_DESIGNED_FOR_IPHONE_IPAD = YES;
				SWIFT_ACTIVE_COMPILATION_CONDITIONS = (
					"$(inherited)",
					DEBUG,
					CRYPTO_IN_SWIFTPM,
				);
				SWIFT_COMPILATION_MODE = singlefile;
				SWIFT_OPTIMIZATION_LEVEL = "-Onone";
				SWIFT_VERSION = 5.0;
				TARGETED_DEVICE_FAMILY = "1,2,6";
				VERSIONING_SYSTEM = "apple-generic";
				VERSION_INFO_PREFIX = "";
			};
			name = Debug;
		};
/* End XCBuildConfiguration section */

/* Begin XCConfigurationList section */
		0C4224DC7E6C9CEB97699EC6 /* Build configuration list for PBXProject "swift-crypto" */ = {
			isa = XCConfigurationList;
			buildConfigurations = (
				120C42481C598D2F7D9C762D /* Debug */,
				1061DFA3227161290FF036D3 /* Release */,
			);
			defaultConfigurationIsVisible = 0;
			defaultConfigurationName = Release;
		};
		8FA2D3614064F9B1E9E49FA1 /* Build configuration list for PBXNativeTarget "Crypto" */ = {
			isa = XCConfigurationList;
			buildConfigurations = (
				F5CD0A86502FF79E3F52AE35 /* Debug */,
				BF4CA0BE9679039566B12792 /* Release */,
			);
			defaultConfigurationIsVisible = 0;
			defaultConfigurationName = Release;
		};
		91A595898D8F1F185DF8D7E6 /* Build configuration list for PBXNativeTarget "swift-crypto_Crypto" */ = {
			isa = XCConfigurationList;
			buildConfigurations = (
				5225EFF6CE6DA7B864A23F8B /* Debug */,
				6D58112C4B722C95BB8A03A0 /* Release */,
			);
			defaultConfigurationIsVisible = 0;
			defaultConfigurationName = Release;
		};
/* End XCConfigurationList section */
	};
	rootObject = FB41CBE1BF30FF7B0CBA5E8B /* Project object */;
}
