// !$*UTF8*$!
{
	archiveVersion = 1;
	classes = {
	};
	objectVersion = 70;
	objects = {

/* Begin PBXBuildFile section */
		0137BC5A363C35ED9ECCA91C /* LectureListViewController.swift in Sources */ = {isa = PBXBuildFile; fileRef = 0C7DDDC2A04CD45BEA183B3B /* LectureListViewController.swift */; };
		077E73A9F1BB9D36B8310BAC /* CoreDataModel.xcdatamodeld in Sources */ = {isa = PBXBuildFile; fileRef = F8EDD61F73159FE061F9A4D4 /* CoreDataModel.xcdatamodeld */; };
		1F1B0A17404C716CE371638D /* CoreDataStack.swift in Sources */ = {isa = PBXBuildFile; fileRef = BB398BDF287AB68A444762BF /* CoreDataStack.swift */; };
		209C4065F4A0A1B91BFE6B3D /* ChatRepositoryImplementation.swift in Sources */ = {isa = PBXBuildFile; fileRef = C2A5655DB7B7CA1533D55862 /* ChatRepositoryImplementation.swift */; };
		28397643D2AE009F5E8DF64C /* SlowStarterTests.swift in Sources */ = {isa = PBXBuildFile; fileRef = 9C9E1C00FD424D65740EFBCE /* SlowStarterTests.swift */; };
		2C10AAB96733687DBDA1620A /* ExampleCoordinator.swift in Sources */ = {isa = PBXBuildFile; fileRef = 1F9F16CD397EEB8A542BDFE5 /* ExampleCoordinator.swift */; };
		383EDEA636E09F49EB1BDAA5 /* ReceivedMessageCell.swift in Sources */ = {isa = PBXBuildFile; fileRef = 2E17A8AB658D8D3DBA45101B /* ReceivedMessageCell.swift */; };
		3E53D92B991F50D645F16604 /* ExampleStyleFile.swift in Sources */ = {isa = PBXBuildFile; fileRef = 59C0BD199F8FE3BD7AA8F567 /* ExampleStyleFile.swift */; };
		4D84365EC9D2AF78F9153C06 /* DeleteThisFile4.swift in Sources */ = {isa = PBXBuildFile; fileRef = C88F541FB258FD70910F57E6 /* DeleteThisFile4.swift */; };
		4E7FE3B753DE1CC1BCCF7EC9 /* Preview Assets.xcassets in Resources */ = {isa = PBXBuildFile; fileRef = 44A1D090A5042A8B2B3713D2 /* Preview Assets.xcassets */; };
		55BDEA6D6B3F3EB8268E2B84 /* AppDelegate.swift in Sources */ = {isa = PBXBuildFile; fileRef = B376081E27F834E2C8FCA509 /* AppDelegate.swift */; };
		5C860AD97966DDBE998ABD24 /* ChatAPIService.swift in Sources */ = {isa = PBXBuildFile; fileRef = 875FD88B821EBCD2735A8EED /* ChatAPIService.swift */; };
		5D50A1A4E3C07140513765C2 /* ChatViewModel.swift in Sources */ = {isa = PBXBuildFile; fileRef = BA8385A28307086FC529628B /* ChatViewModel.swift */; };
		6057DDED538F20BA0976F4E2 /* DeleteThisFile8.swift in Sources */ = {isa = PBXBuildFile; fileRef = 0C767C5C8C151540BEDC10D9 /* DeleteThisFile8.swift */; };
		64D140230A41CA4E53A86582 /* CoreDataMessageRepositoryImplementation.swift in Sources */ = {isa = PBXBuildFile; fileRef = D59B0468FB77C1337A65D86B /* CoreDataMessageRepositoryImplementation.swift */; };
		6D0F349078EB73E7AE9FF9BB /* CoreDataMessageRepository.swift in Sources */ = {isa = PBXBuildFile; fileRef = 9A7F0CF23410417DA4F06D91 /* CoreDataMessageRepository.swift */; };
		96407C4C3602CD683DB7C253 /* ChatRepository.swift in Sources */ = {isa = PBXBuildFile; fileRef = 745725C9249C2975A1BEE4F2 /* ChatRepository.swift */; };
		9A402AAD84E31C05DD3F2041 /* APIConstants.swift in Sources */ = {isa = PBXBuildFile; fileRef = B7B96F4D2258E988451B0B6E /* APIConstants.swift */; };
		A60B99B46936D4F1170978F2 /* TuistAssets+SlowStarter.swift in Sources */ = {isa = PBXBuildFile; fileRef = 612E9BD71849190DF3EA05F9 /* TuistAssets+SlowStarter.swift */; };
		A9196861A28CA8557DC5696B /* SceneDelegate.swift in Sources */ = {isa = PBXBuildFile; fileRef = 4F1515CCD4E341AB12B82853 /* SceneDelegate.swift */; };
		B7CE945231C7A31F6274B8F0 /* LectureListViewModel.swift in Sources */ = {isa = PBXBuildFile; fileRef = B6783DF8CECD10B7EFE810A4 /* LectureListViewModel.swift */; };
		BD8F0CBFE2732EACEA616161 /* MessageRequest.swift in Sources */ = {isa = PBXBuildFile; fileRef = A462E44E092D7E3586C2A02E /* MessageRequest.swift */; };
		C75AC6BCD5779BA266A336CE /* Message.swift in Sources */ = {isa = PBXBuildFile; fileRef = 59CA977CB60C2E0698B9C82F /* Message.swift */; };
		C784424F9C5A6570961862B8 /* SendedMessageCell.swift in Sources */ = {isa = PBXBuildFile; fileRef = A174400711C5015FFC6AD020 /* SendedMessageCell.swift */; };
		D2424B093C2A02CF79E8DAE8 /* example2.swift in Sources */ = {isa = PBXBuildFile; fileRef = E4ED5C0669F8323669BF9718 /* example2.swift */; };
		D68403C3DAE5BD8A453BA20E /* Protocol.swift in Sources */ = {isa = PBXBuildFile; fileRef = 497D39447D05E8E139420FC5 /* Protocol.swift */; };
		DB65EB0C5EBCF87F2422B871 /* Assets.xcassets in Resources */ = {isa = PBXBuildFile; fileRef = 239417795BA77EA87C51C4E1 /* Assets.xcassets */; };
		E276C273E1D23D3D20B5471A /* ChatViewController.swift in Sources */ = {isa = PBXBuildFile; fileRef = 99078FCCF0917D5BBF956B35 /* ChatViewController.swift */; };
		F5667D41A0810E4C9E2B8175 /* TuistBundle+SlowStarter.swift in Sources */ = {isa = PBXBuildFile; fileRef = AA8C9FF54E481F28957F31AA /* TuistBundle+SlowStarter.swift */; };
/* End PBXBuildFile section */

/* Begin PBXContainerItemProxy section */
		D25B5B83F74634ABA4B7CFF9 /* PBXContainerItemProxy */ = {
			isa = PBXContainerItemProxy;
			containerPortal = D2F843AE8E6128B954DF37B1 /* Project object */;
			proxyType = 1;
			remoteGlobalIDString = C8D3DADE00826212D8D07A41;
			remoteInfo = SlowStarter;
		};
/* End PBXContainerItemProxy section */

/* Begin PBXCopyFilesBuildPhase section */
		15CAA188424DB9F9455C6F22 /* Embed Frameworks */ = {
			isa = PBXCopyFilesBuildPhase;
			buildActionMask = 2147483647;
			dstPath = "";
			dstSubfolderSpec = 10;
			files = (
			);
			name = "Embed Frameworks";
			runOnlyForDeploymentPostprocessing = 0;
		};
		3A63650511E33346A4E3BBAE /* Embed Frameworks */ = {
			isa = PBXCopyFilesBuildPhase;
			buildActionMask = 2147483647;
			dstPath = "";
			dstSubfolderSpec = 10;
			files = (
			);
			name = "Embed Frameworks";
			runOnlyForDeploymentPostprocessing = 0;
		};
/* End PBXCopyFilesBuildPhase section */

/* Begin PBXFileReference section */
		0901990EAA4B9D3C5E29CC0F /* SlowStarter.app */ = {isa = PBXFileReference; explicitFileType = wrapper.application; includeInIndex = 0; path = SlowStarter.app; sourceTree = BUILT_PRODUCTS_DIR; };
		0C767C5C8C151540BEDC10D9 /* DeleteThisFile8.swift */ = {isa = PBXFileReference; lastKnownFileType = sourcecode.swift; path = DeleteThisFile8.swift; sourceTree = "<group>"; };
		0C7DDDC2A04CD45BEA183B3B /* LectureListViewController.swift */ = {isa = PBXFileReference; lastKnownFileType = sourcecode.swift; path = LectureListViewController.swift; sourceTree = "<group>"; };
		1F9F16CD397EEB8A542BDFE5 /* ExampleCoordinator.swift */ = {isa = PBXFileReference; lastKnownFileType = sourcecode.swift; path = ExampleCoordinator.swift; sourceTree = "<group>"; };
		239417795BA77EA87C51C4E1 /* Assets.xcassets */ = {isa = PBXFileReference; lastKnownFileType = folder.assetcatalog; path = Assets.xcassets; sourceTree = "<group>"; };
		2E17A8AB658D8D3DBA45101B /* ReceivedMessageCell.swift */ = {isa = PBXFileReference; lastKnownFileType = sourcecode.swift; path = ReceivedMessageCell.swift; sourceTree = "<group>"; };
		44A1D090A5042A8B2B3713D2 /* Preview Assets.xcassets */ = {isa = PBXFileReference; lastKnownFileType = folder.assetcatalog; path = "Preview Assets.xcassets"; sourceTree = "<group>"; };
		497D39447D05E8E139420FC5 /* Protocol.swift */ = {isa = PBXFileReference; lastKnownFileType = sourcecode.swift; path = Protocol.swift; sourceTree = "<group>"; };
		4F1515CCD4E341AB12B82853 /* SceneDelegate.swift */ = {isa = PBXFileReference; lastKnownFileType = sourcecode.swift; path = SceneDelegate.swift; sourceTree = "<group>"; };
		59C0BD199F8FE3BD7AA8F567 /* ExampleStyleFile.swift */ = {isa = PBXFileReference; lastKnownFileType = sourcecode.swift; path = ExampleStyleFile.swift; sourceTree = "<group>"; };
		59CA977CB60C2E0698B9C82F /* Message.swift */ = {isa = PBXFileReference; lastKnownFileType = sourcecode.swift; path = Message.swift; sourceTree = "<group>"; };
		612E9BD71849190DF3EA05F9 /* TuistAssets+SlowStarter.swift */ = {isa = PBXFileReference; lastKnownFileType = sourcecode.swift; path = "TuistAssets+SlowStarter.swift"; sourceTree = "<group>"; };
		745725C9249C2975A1BEE4F2 /* ChatRepository.swift */ = {isa = PBXFileReference; lastKnownFileType = sourcecode.swift; path = ChatRepository.swift; sourceTree = "<group>"; };
		7EE73BB25EF60BE39650F29D /* SlowStarter-Info.plist */ = {isa = PBXFileReference; lastKnownFileType = text.plist; path = "SlowStarter-Info.plist"; sourceTree = "<group>"; };
		875FD88B821EBCD2735A8EED /* ChatAPIService.swift */ = {isa = PBXFileReference; lastKnownFileType = sourcecode.swift; path = ChatAPIService.swift; sourceTree = "<group>"; };
		99078FCCF0917D5BBF956B35 /* ChatViewController.swift */ = {isa = PBXFileReference; lastKnownFileType = sourcecode.swift; path = ChatViewController.swift; sourceTree = "<group>"; };
		9A7F0CF23410417DA4F06D91 /* CoreDataMessageRepository.swift */ = {isa = PBXFileReference; lastKnownFileType = sourcecode.swift; path = CoreDataMessageRepository.swift; sourceTree = "<group>"; };
		9C9E1C00FD424D65740EFBCE /* SlowStarterTests.swift */ = {isa = PBXFileReference; lastKnownFileType = sourcecode.swift; path = SlowStarterTests.swift; sourceTree = "<group>"; };
		A174400711C5015FFC6AD020 /* SendedMessageCell.swift */ = {isa = PBXFileReference; lastKnownFileType = sourcecode.swift; path = SendedMessageCell.swift; sourceTree = "<group>"; };
		A30F07739FFC49EC37B06F51 /* SlowStarterTests.xctest */ = {isa = PBXFileReference; explicitFileType = wrapper.cfbundle; includeInIndex = 0; path = SlowStarterTests.xctest; sourceTree = BUILT_PRODUCTS_DIR; };
		A462E44E092D7E3586C2A02E /* MessageRequest.swift */ = {isa = PBXFileReference; lastKnownFileType = sourcecode.swift; path = MessageRequest.swift; sourceTree = "<group>"; };
		AA8C9FF54E481F28957F31AA /* TuistBundle+SlowStarter.swift */ = {isa = PBXFileReference; lastKnownFileType = sourcecode.swift; path = "TuistBundle+SlowStarter.swift"; sourceTree = "<group>"; };
		B376081E27F834E2C8FCA509 /* AppDelegate.swift */ = {isa = PBXFileReference; lastKnownFileType = sourcecode.swift; path = AppDelegate.swift; sourceTree = "<group>"; };
		B6783DF8CECD10B7EFE810A4 /* LectureListViewModel.swift */ = {isa = PBXFileReference; lastKnownFileType = sourcecode.swift; path = LectureListViewModel.swift; sourceTree = "<group>"; };
		B6938258AC961E53E043CF7F /* CoreDataModel.xcdatamodel */ = {isa = PBXFileReference; lastKnownFileType = wrapper.xcdatamodel; path = CoreDataModel.xcdatamodel; sourceTree = "<group>"; };
		B7B96F4D2258E988451B0B6E /* APIConstants.swift */ = {isa = PBXFileReference; lastKnownFileType = sourcecode.swift; path = APIConstants.swift; sourceTree = "<group>"; };
		BA8385A28307086FC529628B /* ChatViewModel.swift */ = {isa = PBXFileReference; lastKnownFileType = sourcecode.swift; path = ChatViewModel.swift; sourceTree = "<group>"; };
		BB398BDF287AB68A444762BF /* CoreDataStack.swift */ = {isa = PBXFileReference; lastKnownFileType = sourcecode.swift; path = CoreDataStack.swift; sourceTree = "<group>"; };
		C2A5655DB7B7CA1533D55862 /* ChatRepositoryImplementation.swift */ = {isa = PBXFileReference; lastKnownFileType = sourcecode.swift; path = ChatRepositoryImplementation.swift; sourceTree = "<group>"; };
		C88F541FB258FD70910F57E6 /* DeleteThisFile4.swift */ = {isa = PBXFileReference; lastKnownFileType = sourcecode.swift; path = DeleteThisFile4.swift; sourceTree = "<group>"; };
		CC48747CC773AE89224C26B2 /* Secrets.xcconfig */ = {isa = PBXFileReference; lastKnownFileType = text.xcconfig; path = Secrets.xcconfig; sourceTree = "<group>"; };
		D59B0468FB77C1337A65D86B /* CoreDataMessageRepositoryImplementation.swift */ = {isa = PBXFileReference; lastKnownFileType = sourcecode.swift; path = CoreDataMessageRepositoryImplementation.swift; sourceTree = "<group>"; };
		E4ED5C0669F8323669BF9718 /* example2.swift */ = {isa = PBXFileReference; lastKnownFileType = sourcecode.swift; path = example2.swift; sourceTree = "<group>"; };
		F3C8BD3B7CBD48C6C58828A3 /* SlowStarterTests-Info.plist */ = {isa = PBXFileReference; lastKnownFileType = text.plist; path = "SlowStarterTests-Info.plist"; sourceTree = "<group>"; };
/* End PBXFileReference section */

/* Begin PBXFileSystemSynchronizedRootGroup section */
		71A93D872DDB55A2001EDB3C /* CoreDataMessage */ = {isa = PBXFileSystemSynchronizedRootGroup; explicitFileTypes = {}; explicitFolders = (); path = CoreDataMessage; sourceTree = "<group>"; };
		71A93D8A2DDB5F71001EDB3C /* Chat */ = {isa = PBXFileSystemSynchronizedRootGroup; explicitFileTypes = {}; explicitFolders = (); path = Chat; sourceTree = "<group>"; };
/* End PBXFileSystemSynchronizedRootGroup section */

/* Begin PBXFrameworksBuildPhase section */
		3FD010657062BFFA5DFEA19E /* Frameworks */ = {
			isa = PBXFrameworksBuildPhase;
			buildActionMask = 2147483647;
			files = (
			);
			runOnlyForDeploymentPostprocessing = 0;
		};
		DF5A476CD1C86D68EE848578 /* Frameworks */ = {
			isa = PBXFrameworksBuildPhase;
			buildActionMask = 2147483647;
			files = (
			);
			runOnlyForDeploymentPostprocessing = 0;
		};
/* End PBXFrameworksBuildPhase section */

/* Begin PBXGroup section */
		0010F233E23D08F96289CCD7 /* Scenes */ = {
			isa = PBXGroup;
			children = (
				589EA6526AE58E07D63DB731 /* ChatScene */,
				0B4B55C4752235403A2F48AD /* LectureListScene */,
			);
			path = Scenes;
			sourceTree = "<group>";
		};
		0B4B55C4752235403A2F48AD /* LectureListScene */ = {
			isa = PBXGroup;
			children = (
				0C7DDDC2A04CD45BEA183B3B /* LectureListViewController.swift */,
				B6783DF8CECD10B7EFE810A4 /* LectureListViewModel.swift */,
			);
			path = LectureListScene;
			sourceTree = "<group>";
		};
		11C895F65B7BA3EE3F28B224 /* Extension */ = {
			isa = PBXGroup;
			children = (
				C88F541FB258FD70910F57E6 /* DeleteThisFile4.swift */,
			);
			path = Extension;
			sourceTree = "<group>";
		};
		17149CA1B6DFC7D8EB5A4EAB /* Repository */ = {
			isa = PBXGroup;
			children = (
				C2A5655DB7B7CA1533D55862 /* ChatRepositoryImplementation.swift */,
				D59B0468FB77C1337A65D86B /* CoreDataMessageRepositoryImplementation.swift */,
			);
			path = Repository;
			sourceTree = "<group>";
		};
		1E93E6E19D1ECC3F1683BA2B /* API */ = {
			isa = PBXGroup;
			children = (
				CC48747CC773AE89224C26B2 /* Secrets.xcconfig */,
			);
			path = API;
			sourceTree = "<group>";
		};
		1F16DB7BDB4BF8BD0D410988 /* ValueObject */ = {
			isa = PBXGroup;
			children = (
				0C767C5C8C151540BEDC10D9 /* DeleteThisFile8.swift */,
			);
			path = ValueObject;
			sourceTree = "<group>";
		};
		212C185E9360F1EBDED472A4 /* Preview Content */ = {
			isa = PBXGroup;
			children = (
				44A1D090A5042A8B2B3713D2 /* Preview Assets.xcassets */,
			);
			path = "Preview Content";
			sourceTree = "<group>";
		};
		284AA0A5FA59F63C65B1E8EF /* Domain */ = {
			isa = PBXGroup;
			children = (
				11C895F65B7BA3EE3F28B224 /* Extension */,
				F34EDA5F3B1D16EF025542CB /* Models */,
				ADD3EB223001463F67BA4D2C /* Protocols */,
				1F16DB7BDB4BF8BD0D410988 /* ValueObject */,
			);
			path = Domain;
			sourceTree = "<group>";
		};
		3A54647156E9CB25B70028EA = {
			isa = PBXGroup;
			children = (
				A41A5467EAA1BC27C817DD93 /* Project */,
				D730D3075A80854F27D6E378 /* Products */,
			);
			sourceTree = "<group>";
		};
		3B9FBBB8C810A56B08B3DC2A /* Network */ = {
			isa = PBXGroup;
			children = (
				B7B96F4D2258E988451B0B6E /* APIConstants.swift */,
				875FD88B821EBCD2735A8EED /* ChatAPIService.swift */,
			);
			path = Network;
			sourceTree = "<group>";
		};
		431AC39673693479AAAD44B6 /* Persistence */ = {
			isa = PBXGroup;
			children = (
				F8EDD61F73159FE061F9A4D4 /* CoreDataModel.xcdatamodeld */,
				BB398BDF287AB68A444762BF /* CoreDataStack.swift */,
			);
			path = Persistence;
			sourceTree = "<group>";
		};
		589EA6526AE58E07D63DB731 /* ChatScene */ = {
			isa = PBXGroup;
			children = (
				99078FCCF0917D5BBF956B35 /* ChatViewController.swift */,
				BA8385A28307086FC529628B /* ChatViewModel.swift */,
			);
			path = ChatScene;
			sourceTree = "<group>";
		};
		5C61E9E2242363D69D3FE214 /* Repository */ = {
			isa = PBXGroup;
			children = (
				745725C9249C2975A1BEE4F2 /* ChatRepository.swift */,
				9A7F0CF23410417DA4F06D91 /* CoreDataMessageRepository.swift */,
			);
			path = Repository;
			sourceTree = "<group>";
		};
		61D51B94F42814E7EA5148C7 /* Sources */ = {
			isa = PBXGroup;
			children = (
				612E9BD71849190DF3EA05F9 /* TuistAssets+SlowStarter.swift */,
				AA8C9FF54E481F28957F31AA /* TuistBundle+SlowStarter.swift */,
			);
			path = Sources;
			sourceTree = "<group>";
		};
		73CC91BF3C91A4E3DEB4149B /* Derived */ = {
			isa = PBXGroup;
			children = (
				ACB01F397D8F3A914BE46C2B /* InfoPlists */,
				61D51B94F42814E7EA5148C7 /* Sources */,
			);
			path = Derived;
			sourceTree = "<group>";
		};
		740239972403DF70A6E0E732 /* Coordinators */ = {
			isa = PBXGroup;
			children = (
				1F9F16CD397EEB8A542BDFE5 /* ExampleCoordinator.swift */,
				497D39447D05E8E139420FC5 /* Protocol.swift */,
			);
			path = Coordinators;
			sourceTree = "<group>";
		};
		7F192818D86FC24AE9410781 /* Resources */ = {
			isa = PBXGroup;
			children = (
				212C185E9360F1EBDED472A4 /* Preview Content */,
				239417795BA77EA87C51C4E1 /* Assets.xcassets */,
			);
			path = Resources;
			sourceTree = "<group>";
		};
		858303BBFE36713A61FCC673 /* Tests */ = {
			isa = PBXGroup;
			children = (
				9C9E1C00FD424D65740EFBCE /* SlowStarterTests.swift */,
			);
			path = Tests;
			sourceTree = "<group>";
		};
		897E5E7AAB994F6FF5AABF3E /* Environment */ = {
			isa = PBXGroup;
			children = (
				E4ED5C0669F8323669BF9718 /* example2.swift */,
			);
			path = Environment;
			sourceTree = "<group>";
		};
		900D82715C290E92B056E905 /* App */ = {
			isa = PBXGroup;
			children = (
				B376081E27F834E2C8FCA509 /* AppDelegate.swift */,
				4F1515CCD4E341AB12B82853 /* SceneDelegate.swift */,
			);
			path = App;
			sourceTree = "<group>";
		};
		9111A1549D76390D3312F0EC /* CommonView */ = {
			isa = PBXGroup;
			children = (
				2E17A8AB658D8D3DBA45101B /* ReceivedMessageCell.swift */,
				A174400711C5015FFC6AD020 /* SendedMessageCell.swift */,
			);
			path = CommonView;
			sourceTree = "<group>";
		};
		A0A49629374ED8AB68EC3FCA /* Styles */ = {
			isa = PBXGroup;
			children = (
				59C0BD199F8FE3BD7AA8F567 /* ExampleStyleFile.swift */,
			);
			path = Styles;
			sourceTree = "<group>";
		};
		A41A5467EAA1BC27C817DD93 /* Project */ = {
			isa = PBXGroup;
			children = (
				73CC91BF3C91A4E3DEB4149B /* Derived */,
				ED293F57A5AE89C78AAD3FD4 /* SlowStarter */,
			);
			name = Project;
			sourceTree = "<group>";
		};
		ACB01F397D8F3A914BE46C2B /* InfoPlists */ = {
			isa = PBXGroup;
			children = (
				7EE73BB25EF60BE39650F29D /* SlowStarter-Info.plist */,
				F3C8BD3B7CBD48C6C58828A3 /* SlowStarterTests-Info.plist */,
			);
			path = InfoPlists;
			sourceTree = "<group>";
		};
		ADD3EB223001463F67BA4D2C /* Protocols */ = {
			isa = PBXGroup;
			children = (
				5C61E9E2242363D69D3FE214 /* Repository */,
				C18A91FE0A14164200F5F47B /* UseCase */,
			);
			path = Protocols;
			sourceTree = "<group>";
		};
		C18A91FE0A14164200F5F47B /* UseCase */ = {
			isa = PBXGroup;
			children = (
				71A93D8A2DDB5F71001EDB3C /* Chat */,
				71A93D872DDB55A2001EDB3C /* CoreDataMessage */,
			);
			path = UseCase;
			sourceTree = "<group>";
		};
		C3A09533AAC1D7D1F519710C /* Presentation */ = {
			isa = PBXGroup;
			children = (
				9111A1549D76390D3312F0EC /* CommonView */,
				740239972403DF70A6E0E732 /* Coordinators */,
				0010F233E23D08F96289CCD7 /* Scenes */,
				A0A49629374ED8AB68EC3FCA /* Styles */,
			);
			path = Presentation;
			sourceTree = "<group>";
		};
		D730D3075A80854F27D6E378 /* Products */ = {
			isa = PBXGroup;
			children = (
				0901990EAA4B9D3C5E29CC0F /* SlowStarter.app */,
				A30F07739FFC49EC37B06F51 /* SlowStarterTests.xctest */,
			);
			name = Products;
			sourceTree = "<group>";
		};
		D8555048FCC7EB0D4C4706D7 /* Data */ = {
			isa = PBXGroup;
			children = (
				3B9FBBB8C810A56B08B3DC2A /* Network */,
				431AC39673693479AAAD44B6 /* Persistence */,
				17149CA1B6DFC7D8EB5A4EAB /* Repository */,
			);
			path = Data;
			sourceTree = "<group>";
		};
		DA973A318EF784B48DE76AA4 /* Config */ = {
			isa = PBXGroup;
			children = (
				1E93E6E19D1ECC3F1683BA2B /* API */,
				897E5E7AAB994F6FF5AABF3E /* Environment */,
			);
			path = Config;
			sourceTree = "<group>";
		};
		ED293F57A5AE89C78AAD3FD4 /* SlowStarter */ = {
			isa = PBXGroup;
			children = (
				7F192818D86FC24AE9410781 /* Resources */,
				FD32B36A3ED8A2D590DA01BA /* Sources */,
				858303BBFE36713A61FCC673 /* Tests */,
			);
			path = SlowStarter;
			sourceTree = "<group>";
		};
		F34EDA5F3B1D16EF025542CB /* Models */ = {
			isa = PBXGroup;
			children = (
				59CA977CB60C2E0698B9C82F /* Message.swift */,
				A462E44E092D7E3586C2A02E /* MessageRequest.swift */,
			);
			path = Models;
			sourceTree = "<group>";
		};
		FD32B36A3ED8A2D590DA01BA /* Sources */ = {
			isa = PBXGroup;
			children = (
				900D82715C290E92B056E905 /* App */,
				DA973A318EF784B48DE76AA4 /* Config */,
				D8555048FCC7EB0D4C4706D7 /* Data */,
				284AA0A5FA59F63C65B1E8EF /* Domain */,
				C3A09533AAC1D7D1F519710C /* Presentation */,
			);
			path = Sources;
			sourceTree = "<group>";
		};
/* End PBXGroup section */

/* Begin PBXNativeTarget section */
		3785E74C4662DA652E47D1FE /* SlowStarterTests */ = {
			isa = PBXNativeTarget;
			buildConfigurationList = 9FBF123134BDD31305DEC9C1 /* Build configuration list for PBXNativeTarget "SlowStarterTests" */;
			buildPhases = (
				3DFDF6EBE0CE8D008F1B008A /* Sources */,
				1DD8867398AD51136AA4FD44 /* Resources */,
				3FD010657062BFFA5DFEA19E /* Frameworks */,
				15CAA188424DB9F9455C6F22 /* Embed Frameworks */,
			);
			buildRules = (
			);
			dependencies = (
				4A6B1A07C4C4C5290A288EFF /* PBXTargetDependency */,
			);
			name = SlowStarterTests;
			packageProductDependencies = (
			);
			productName = SlowStarterTests;
			productReference = A30F07739FFC49EC37B06F51 /* SlowStarterTests.xctest */;
			productType = "com.apple.product-type.bundle.unit-test";
		};
		C8D3DADE00826212D8D07A41 /* SlowStarter */ = {
			isa = PBXNativeTarget;
			buildConfigurationList = 31686629FDDB61FB1D139187 /* Build configuration list for PBXNativeTarget "SlowStarter" */;
			buildPhases = (
				9731C6B16CD79C96B9EF973F /* SwiftLint */,
				80BC28AF0B646DEE3AB9EA09 /* Sources */,
				BDF1F43A8437581A5CBCAB9E /* Resources */,
				DF5A476CD1C86D68EE848578 /* Frameworks */,
				3A63650511E33346A4E3BBAE /* Embed Frameworks */,
			);
			buildRules = (
			);
			dependencies = (
			);
			fileSystemSynchronizedGroups = (
				71A93D872DDB55A2001EDB3C /* CoreDataMessage */,
				71A93D8A2DDB5F71001EDB3C /* Chat */,
			);
			name = SlowStarter;
			packageProductDependencies = (
			);
			productName = SlowStarter;
			productReference = 0901990EAA4B9D3C5E29CC0F /* SlowStarter.app */;
			productType = "com.apple.product-type.application";
		};
/* End PBXNativeTarget section */

/* Begin PBXProject section */
		D2F843AE8E6128B954DF37B1 /* Project object */ = {
			isa = PBXProject;
			attributes = {
				BuildIndependentTargetsInParallel = YES;
				TargetAttributes = {
					3785E74C4662DA652E47D1FE = {
						TestTargetID = C8D3DADE00826212D8D07A41;
					};
				};
			};
			buildConfigurationList = D02A84666D3BFC212EF2A75E /* Build configuration list for PBXProject "SlowStarter" */;
			compatibilityVersion = "Xcode 14.0";
			developmentRegion = en;
			hasScannedForEncodings = 0;
			knownRegions = (
				Base,
				en,
			);
			mainGroup = 3A54647156E9CB25B70028EA;
			productRefGroup = D730D3075A80854F27D6E378 /* Products */;
			projectDirPath = "";
			projectRoot = "";
			targets = (
				C8D3DADE00826212D8D07A41 /* SlowStarter */,
				3785E74C4662DA652E47D1FE /* SlowStarterTests */,
			);
		};
/* End PBXProject section */

/* Begin PBXResourcesBuildPhase section */
		1DD8867398AD51136AA4FD44 /* Resources */ = {
			isa = PBXResourcesBuildPhase;
			buildActionMask = 2147483647;
			files = (
			);
			runOnlyForDeploymentPostprocessing = 0;
		};
		BDF1F43A8437581A5CBCAB9E /* Resources */ = {
			isa = PBXResourcesBuildPhase;
			buildActionMask = 2147483647;
			files = (
				DB65EB0C5EBCF87F2422B871 /* Assets.xcassets in Resources */,
				4E7FE3B753DE1CC1BCCF7EC9 /* Preview Assets.xcassets in Resources */,
			);
			runOnlyForDeploymentPostprocessing = 0;
		};
/* End PBXResourcesBuildPhase section */

/* Begin PBXShellScriptBuildPhase section */
		9731C6B16CD79C96B9EF973F /* SwiftLint */ = {
			isa = PBXShellScriptBuildPhase;
			alwaysOutOfDate = 1;
			buildActionMask = 2147483647;
			files = (
			);
			inputFileListPaths = (
			);
			inputPaths = (
			);
			name = SwiftLint;
			outputFileListPaths = (
			);
			outputPaths = (
			);
			runOnlyForDeploymentPostprocessing = 0;
			shellPath = /bin/sh;
			shellScript = "# SwiftLint가 설치되어 있고 PATH에 잡히는지 확인\nif SWIFTLINT_PATH=$(which swiftlint); then\n  echo \"SwiftLint found at: $SWIFTLINT_PATH\"\n  # which swiftlint로 찾은 경로를 사용하여 실행\n  \"$SWIFTLINT_PATH\" # 따옴표로 감싸서 경로에 공백이 있어도 안전하게 처리\nelse\n  echo \"warning: SwiftLint not installed or not in PATH. Install or check PATH.\"\n  echo \"Attempting to locate SwiftLint in common Homebrew paths...\"\n\n  # Apple Silicon Homebrew 경로 시도\n  if [ -f \"/opt/homebrew/bin/swiftlint\" ]; then\n    echo \"SwiftLint found at /opt/homebrew/bin/swiftlint\"\n    /opt/homebrew/bin/swiftlint\n  # Intel Homebrew 경로 시도\n  elif [ -f \"/usr/local/bin/swiftlint\" ]; then\n    echo \"SwiftLint found at /usr/local/bin/swiftlint\"\n    /usr/local/bin/swiftlint\n  else\n    echo \"warning: SwiftLint still not found. Download from https://github.com/realm/SwiftLint\"\n    # exit 1 # 필요하다면 린트 실패 시 빌드도 실패하도록 설정\n  fi\nfi";
		};
/* End PBXShellScriptBuildPhase section */

/* Begin PBXSourcesBuildPhase section */
		3DFDF6EBE0CE8D008F1B008A /* Sources */ = {
			isa = PBXSourcesBuildPhase;
			buildActionMask = 2147483647;
			files = (
				28397643D2AE009F5E8DF64C /* SlowStarterTests.swift in Sources */,
			);
			runOnlyForDeploymentPostprocessing = 0;
		};
		80BC28AF0B646DEE3AB9EA09 /* Sources */ = {
			isa = PBXSourcesBuildPhase;
			buildActionMask = 2147483647;
			files = (
				A60B99B46936D4F1170978F2 /* TuistAssets+SlowStarter.swift in Sources */,
				F5667D41A0810E4C9E2B8175 /* TuistBundle+SlowStarter.swift in Sources */,
				55BDEA6D6B3F3EB8268E2B84 /* AppDelegate.swift in Sources */,
				A9196861A28CA8557DC5696B /* SceneDelegate.swift in Sources */,
				D2424B093C2A02CF79E8DAE8 /* example2.swift in Sources */,
				9A402AAD84E31C05DD3F2041 /* APIConstants.swift in Sources */,
				5C860AD97966DDBE998ABD24 /* ChatAPIService.swift in Sources */,
				1F1B0A17404C716CE371638D /* CoreDataStack.swift in Sources */,
				209C4065F4A0A1B91BFE6B3D /* ChatRepositoryImplementation.swift in Sources */,
				64D140230A41CA4E53A86582 /* CoreDataMessageRepositoryImplementation.swift in Sources */,
				4D84365EC9D2AF78F9153C06 /* DeleteThisFile4.swift in Sources */,
				C75AC6BCD5779BA266A336CE /* Message.swift in Sources */,
				BD8F0CBFE2732EACEA616161 /* MessageRequest.swift in Sources */,
				96407C4C3602CD683DB7C253 /* ChatRepository.swift in Sources */,
				6D0F349078EB73E7AE9FF9BB /* CoreDataMessageRepository.swift in Sources */,
				6057DDED538F20BA0976F4E2 /* DeleteThisFile8.swift in Sources */,
				383EDEA636E09F49EB1BDAA5 /* ReceivedMessageCell.swift in Sources */,
				C784424F9C5A6570961862B8 /* SendedMessageCell.swift in Sources */,
				2C10AAB96733687DBDA1620A /* ExampleCoordinator.swift in Sources */,
				D68403C3DAE5BD8A453BA20E /* Protocol.swift in Sources */,
				E276C273E1D23D3D20B5471A /* ChatViewController.swift in Sources */,
				5D50A1A4E3C07140513765C2 /* ChatViewModel.swift in Sources */,
				0137BC5A363C35ED9ECCA91C /* LectureListViewController.swift in Sources */,
				B7CE945231C7A31F6274B8F0 /* LectureListViewModel.swift in Sources */,
				3E53D92B991F50D645F16604 /* ExampleStyleFile.swift in Sources */,
				077E73A9F1BB9D36B8310BAC /* CoreDataModel.xcdatamodeld in Sources */,
			);
			runOnlyForDeploymentPostprocessing = 0;
		};
/* End PBXSourcesBuildPhase section */

/* Begin PBXTargetDependency section */
		4A6B1A07C4C4C5290A288EFF /* PBXTargetDependency */ = {
			isa = PBXTargetDependency;
			name = SlowStarter;
			target = C8D3DADE00826212D8D07A41 /* SlowStarter */;
			targetProxy = D25B5B83F74634ABA4B7CFF9 /* PBXContainerItemProxy */;
		};
/* End PBXTargetDependency section */

/* Begin XCBuildConfiguration section */
		0A30142A175ECC6DBF5D7852 /* Debug */ = {
			isa = XCBuildConfiguration;
			baseConfigurationReference = CC48747CC773AE89224C26B2 /* Secrets.xcconfig */;
			buildSettings = {
				ALWAYS_SEARCH_USER_PATHS = NO;
				CLANG_ANALYZER_LOCALIZABILITY_NONLOCALIZED = YES;
				CLANG_ANALYZER_NONNULL = YES;
				CLANG_ANALYZER_NUMBER_OBJECT_CONVERSION = YES_AGGRESSIVE;
				CLANG_CXX_LANGUAGE_STANDARD = "gnu++14";
				CLANG_CXX_LIBRARY = "libc++";
				CLANG_ENABLE_MODULES = YES;
				CLANG_ENABLE_OBJC_ARC = YES;
				CLANG_ENABLE_OBJC_WEAK = YES;
				CLANG_WARN_BLOCK_CAPTURE_AUTORELEASING = YES;
				CLANG_WARN_BOOL_CONVERSION = YES;
				CLANG_WARN_COMMA = YES;
				CLANG_WARN_CONSTANT_CONVERSION = YES;
				CLANG_WARN_DEPRECATED_OBJC_IMPLEMENTATIONS = YES;
				CLANG_WARN_DIRECT_OBJC_ISA_USAGE = YES_ERROR;
				CLANG_WARN_DOCUMENTATION_COMMENTS = YES;
				CLANG_WARN_EMPTY_BODY = YES;
				CLANG_WARN_ENUM_CONVERSION = YES;
				CLANG_WARN_INFINITE_RECURSION = YES;
				CLANG_WARN_INT_CONVERSION = YES;
				CLANG_WARN_NON_LITERAL_NULL_CONVERSION = YES;
				CLANG_WARN_OBJC_IMPLICIT_RETAIN_SELF = YES;
				CLANG_WARN_OBJC_LITERAL_CONVERSION = YES;
				CLANG_WARN_OBJC_ROOT_CLASS = YES_ERROR;
				CLANG_WARN_QUOTED_INCLUDE_IN_FRAMEWORK_HEADER = YES;
				CLANG_WARN_RANGE_LOOP_ANALYSIS = YES;
				CLANG_WARN_STRICT_PROTOTYPES = YES;
				CLANG_WARN_SUSPICIOUS_MOVE = YES;
				CLANG_WARN_UNGUARDED_AVAILABILITY = YES_AGGRESSIVE;
				CLANG_WARN_UNREACHABLE_CODE = YES;
				CLANG_WARN__DUPLICATE_METHOD_MATCH = YES;
				CODE_SIGN_IDENTITY = "Apple Development";
				COPY_PHASE_STRIP = NO;
				DEAD_CODE_STRIPPING = YES;
				DEBUG_INFORMATION_FORMAT = dwarf;
				DEVELOPMENT_TEAM = 59FP2PXRXK;
				ENABLE_STRICT_OBJC_MSGSEND = YES;
				ENABLE_TESTABILITY = YES;
				GCC_C_LANGUAGE_STANDARD = gnu11;
				GCC_DYNAMIC_NO_PIC = NO;
				GCC_NO_COMMON_BLOCKS = YES;
				GCC_OPTIMIZATION_LEVEL = 0;
				GCC_PREPROCESSOR_DEFINITIONS = (
					"DEBUG=1",
					"$(inherited)",
				);
				GCC_WARN_64_TO_32_BIT_CONVERSION = YES;
				GCC_WARN_ABOUT_RETURN_TYPE = YES_ERROR;
				GCC_WARN_UNDECLARED_SELECTOR = YES;
				GCC_WARN_UNINITIALIZED_AUTOS = YES_AGGRESSIVE;
				GCC_WARN_UNUSED_FUNCTION = YES;
				GCC_WARN_UNUSED_VARIABLE = YES;
				MTL_ENABLE_DEBUG_INFO = YES;
				ONLY_ACTIVE_ARCH = YES;
				PRODUCT_NAME = "$(TARGET_NAME)";
			};
			name = Debug;
		};
		3464057247BFC2D947FC6085 /* Release */ = {
			isa = XCBuildConfiguration;
			buildSettings = {
				ASSETCATALOG_COMPILER_APPICON_NAME = AppIcon;
				CODE_SIGN_IDENTITY = "iPhone Developer";
				ENABLE_PREVIEWS = YES;
				INFOPLIST_FILE = "Derived/InfoPlists/SlowStarter-Info.plist";
				IPHONEOS_DEPLOYMENT_TARGET = 17.0;
				LD_RUNPATH_SEARCH_PATHS = (
					"$(inherited)",
					"@executable_path/Frameworks",
				);
				PRODUCT_BUNDLE_IDENTIFIER = ThreeIdiots.SlowStarter;
				PRODUCT_NAME = SlowStarter;
				SDKROOT = iphoneos;
				SUPPORTS_MACCATALYST = NO;
				SUPPORTS_MAC_DESIGNED_FOR_IPHONE_IPAD = YES;
				SUPPORTS_XR_DESIGNED_FOR_IPHONE_IPAD = NO;
				SWIFT_COMPILATION_MODE = wholemodule;
				SWIFT_OPTIMIZATION_LEVEL = "-Owholemodule";
				SWIFT_VERSION = 5.0;
				TARGETED_DEVICE_FAMILY = "1,2";
			};
			name = Release;
		};
		4BD8ABD033140A6866CFB0EF /* Debug */ = {
			isa = XCBuildConfiguration;
			buildSettings = {
				BUNDLE_LOADER = "$(TEST_HOST)";
				CODE_SIGN_IDENTITY = "iPhone Developer";
				INFOPLIST_FILE = "Derived/InfoPlists/SlowStarterTests-Info.plist";
				LD_RUNPATH_SEARCH_PATHS = (
					"$(inherited)",
					"@executable_path/Frameworks",
					"@loader_path/Frameworks",
				);
				PRODUCT_BUNDLE_IDENTIFIER = ThreeIdiots.SlowStarterTests;
				PRODUCT_NAME = SlowStarterTests;
				SDKROOT = iphoneos;
				SUPPORTS_MACCATALYST = NO;
				SUPPORTS_MAC_DESIGNED_FOR_IPHONE_IPAD = YES;
				SUPPORTS_XR_DESIGNED_FOR_IPHONE_IPAD = NO;
				SWIFT_ACTIVE_COMPILATION_CONDITIONS = "$(inherited) DEBUG";
				SWIFT_COMPILATION_MODE = singlefile;
				SWIFT_OPTIMIZATION_LEVEL = "-Onone";
				SWIFT_VERSION = 5.0;
				TARGETED_DEVICE_FAMILY = "1,2";
				TEST_HOST = "$(BUILT_PRODUCTS_DIR)/SlowStarter.app/$(BUNDLE_EXECUTABLE_FOLDER_PATH)/SlowStarter";
				TEST_TARGET_NAME = SlowStarter;
			};
			name = Debug;
		};
		61AE7CA6C4DE5E073E385542 /* Release */ = {
			isa = XCBuildConfiguration;
			buildSettings = {
				BUNDLE_LOADER = "$(TEST_HOST)";
				CODE_SIGN_IDENTITY = "iPhone Developer";
				INFOPLIST_FILE = "Derived/InfoPlists/SlowStarterTests-Info.plist";
				LD_RUNPATH_SEARCH_PATHS = (
					"$(inherited)",
					"@executable_path/Frameworks",
					"@loader_path/Frameworks",
				);
				PRODUCT_BUNDLE_IDENTIFIER = ThreeIdiots.SlowStarterTests;
				PRODUCT_NAME = SlowStarterTests;
				SDKROOT = iphoneos;
				SUPPORTS_MACCATALYST = NO;
				SUPPORTS_MAC_DESIGNED_FOR_IPHONE_IPAD = YES;
				SUPPORTS_XR_DESIGNED_FOR_IPHONE_IPAD = NO;
				SWIFT_COMPILATION_MODE = wholemodule;
				SWIFT_OPTIMIZATION_LEVEL = "-Owholemodule";
				SWIFT_VERSION = 5.0;
				TARGETED_DEVICE_FAMILY = "1,2";
				TEST_HOST = "$(BUILT_PRODUCTS_DIR)/SlowStarter.app/$(BUNDLE_EXECUTABLE_FOLDER_PATH)/SlowStarter";
				TEST_TARGET_NAME = SlowStarter;
			};
			name = Release;
		};
		B013F4039D6F1488A9F4C2DB /* Release */ = {
			isa = XCBuildConfiguration;
			baseConfigurationReference = CC48747CC773AE89224C26B2 /* Secrets.xcconfig */;
			buildSettings = {
				ALWAYS_SEARCH_USER_PATHS = NO;
				CLANG_ANALYZER_LOCALIZABILITY_NONLOCALIZED = YES;
				CLANG_ANALYZER_NONNULL = YES;
				CLANG_ANALYZER_NUMBER_OBJECT_CONVERSION = YES_AGGRESSIVE;
				CLANG_CXX_LANGUAGE_STANDARD = "gnu++14";
				CLANG_CXX_LIBRARY = "libc++";
				CLANG_ENABLE_MODULES = YES;
				CLANG_ENABLE_OBJC_ARC = YES;
				CLANG_ENABLE_OBJC_WEAK = YES;
				CLANG_WARN_BLOCK_CAPTURE_AUTORELEASING = YES;
				CLANG_WARN_BOOL_CONVERSION = YES;
				CLANG_WARN_COMMA = YES;
				CLANG_WARN_CONSTANT_CONVERSION = YES;
				CLANG_WARN_DEPRECATED_OBJC_IMPLEMENTATIONS = YES;
				CLANG_WARN_DIRECT_OBJC_ISA_USAGE = YES_ERROR;
				CLANG_WARN_DOCUMENTATION_COMMENTS = YES;
				CLANG_WARN_EMPTY_BODY = YES;
				CLANG_WARN_ENUM_CONVERSION = YES;
				CLANG_WARN_INFINITE_RECURSION = YES;
				CLANG_WARN_INT_CONVERSION = YES;
				CLANG_WARN_NON_LITERAL_NULL_CONVERSION = YES;
				CLANG_WARN_OBJC_IMPLICIT_RETAIN_SELF = YES;
				CLANG_WARN_OBJC_LITERAL_CONVERSION = YES;
				CLANG_WARN_OBJC_ROOT_CLASS = YES_ERROR;
				CLANG_WARN_QUOTED_INCLUDE_IN_FRAMEWORK_HEADER = YES;
				CLANG_WARN_RANGE_LOOP_ANALYSIS = YES;
				CLANG_WARN_STRICT_PROTOTYPES = YES;
				CLANG_WARN_SUSPICIOUS_MOVE = YES;
				CLANG_WARN_UNGUARDED_AVAILABILITY = YES_AGGRESSIVE;
				CLANG_WARN_UNREACHABLE_CODE = YES;
				CLANG_WARN__DUPLICATE_METHOD_MATCH = YES;
				CODE_SIGN_IDENTITY = "Apple Development";
				COPY_PHASE_STRIP = NO;
				DEAD_CODE_STRIPPING = YES;
				DEBUG_INFORMATION_FORMAT = "dwarf-with-dsym";
				DEVELOPMENT_TEAM = 59FP2PXRXK;
				ENABLE_NS_ASSERTIONS = NO;
				ENABLE_STRICT_OBJC_MSGSEND = YES;
				GCC_C_LANGUAGE_STANDARD = gnu11;
				GCC_NO_COMMON_BLOCKS = YES;
				GCC_WARN_64_TO_32_BIT_CONVERSION = YES;
				GCC_WARN_ABOUT_RETURN_TYPE = YES_ERROR;
				GCC_WARN_UNDECLARED_SELECTOR = YES;
				GCC_WARN_UNINITIALIZED_AUTOS = YES_AGGRESSIVE;
				GCC_WARN_UNUSED_FUNCTION = YES;
				GCC_WARN_UNUSED_VARIABLE = YES;
				MTL_ENABLE_DEBUG_INFO = NO;
				PRODUCT_NAME = "$(TARGET_NAME)";
				VALIDATE_PRODUCT = YES;
			};
			name = Release;
		};
		F47704B4FF34DC1C9621EF9B /* Debug */ = {
			isa = XCBuildConfiguration;
			buildSettings = {
				ASSETCATALOG_COMPILER_APPICON_NAME = AppIcon;
				CODE_SIGN_IDENTITY = "iPhone Developer";
				ENABLE_PREVIEWS = YES;
				INFOPLIST_FILE = "Derived/InfoPlists/SlowStarter-Info.plist";
				IPHONEOS_DEPLOYMENT_TARGET = 17.0;
				LD_RUNPATH_SEARCH_PATHS = (
					"$(inherited)",
					"@executable_path/Frameworks",
				);
				PRODUCT_BUNDLE_IDENTIFIER = ThreeIdiots.SlowStarter;
				PRODUCT_NAME = SlowStarter;
				SDKROOT = iphoneos;
				SUPPORTS_MACCATALYST = NO;
				SUPPORTS_MAC_DESIGNED_FOR_IPHONE_IPAD = YES;
				SUPPORTS_XR_DESIGNED_FOR_IPHONE_IPAD = NO;
				SWIFT_ACTIVE_COMPILATION_CONDITIONS = "$(inherited) DEBUG";
				SWIFT_COMPILATION_MODE = singlefile;
				SWIFT_OPTIMIZATION_LEVEL = "-Onone";
				SWIFT_VERSION = 5.0;
				TARGETED_DEVICE_FAMILY = "1,2";
			};
			name = Debug;
		};
/* End XCBuildConfiguration section */

/* Begin XCConfigurationList section */
		31686629FDDB61FB1D139187 /* Build configuration list for PBXNativeTarget "SlowStarter" */ = {
			isa = XCConfigurationList;
			buildConfigurations = (
				F47704B4FF34DC1C9621EF9B /* Debug */,
				3464057247BFC2D947FC6085 /* Release */,
			);
			defaultConfigurationIsVisible = 0;
			defaultConfigurationName = Release;
		};
		9FBF123134BDD31305DEC9C1 /* Build configuration list for PBXNativeTarget "SlowStarterTests" */ = {
			isa = XCConfigurationList;
			buildConfigurations = (
				4BD8ABD033140A6866CFB0EF /* Debug */,
				61AE7CA6C4DE5E073E385542 /* Release */,
			);
			defaultConfigurationIsVisible = 0;
			defaultConfigurationName = Release;
		};
		D02A84666D3BFC212EF2A75E /* Build configuration list for PBXProject "SlowStarter" */ = {
			isa = XCConfigurationList;
			buildConfigurations = (
				0A30142A175ECC6DBF5D7852 /* Debug */,
				B013F4039D6F1488A9F4C2DB /* Release */,
			);
			defaultConfigurationIsVisible = 0;
			defaultConfigurationName = Release;
		};
/* End XCConfigurationList section */

/* Begin XCVersionGroup section */
		F8EDD61F73159FE061F9A4D4 /* CoreDataModel.xcdatamodeld */ = {
			isa = XCVersionGroup;
			children = (
				B6938258AC961E53E043CF7F /* CoreDataModel.xcdatamodel */,
			);
			currentVersion = B6938258AC961E53E043CF7F /* CoreDataModel.xcdatamodel */;
			path = CoreDataModel.xcdatamodeld;
			sourceTree = "<group>";
			versionGroupType = wrapper.xcdatamodel;
		};
/* End XCVersionGroup section */
	};
	rootObject = D2F843AE8E6128B954DF37B1 /* Project object */;
}
